// !$*UTF8*$!
{
	archiveVersion = 1;
	classes = {
	};
	objectVersion = 46;
	objects = {

/* Begin PBXBuildFile section */
		8C36001017F4C6E4004860B5 /* XCTest.framework in Frameworks */ = {isa = PBXBuildFile; fileRef = 8C36000F17F4C6E4004860B5 /* XCTest.framework */; };
		8C36001117F4C6E4004860B5 /* Foundation.framework in Frameworks */ = {isa = PBXBuildFile; fileRef = 8C36FFED17F4C6E4004860B5 /* Foundation.framework */; };
		8C36001217F4C6E4004860B5 /* UIKit.framework in Frameworks */ = {isa = PBXBuildFile; fileRef = 8C36FFF117F4C6E4004860B5 /* UIKit.framework */; };
		8C36FFEE17F4C6E4004860B5 /* Foundation.framework in Frameworks */ = {isa = PBXBuildFile; fileRef = 8C36FFED17F4C6E4004860B5 /* Foundation.framework */; };
		8C36FFF017F4C6E4004860B5 /* CoreGraphics.framework in Frameworks */ = {isa = PBXBuildFile; fileRef = 8C36FFEF17F4C6E4004860B5 /* CoreGraphics.framework */; };
		8C36FFF217F4C6E4004860B5 /* UIKit.framework in Frameworks */ = {isa = PBXBuildFile; fileRef = 8C36FFF117F4C6E4004860B5 /* UIKit.framework */; };
		8C852AE018280601008F041C /* Library.h in Headers */ = {isa = PBXBuildFile; fileRef = 8C852ADF18280601008F041C /* Library.h */; };
		8C852AE3182818C7008F041C /* UIAlertView+Extensions.h in Headers */ = {isa = PBXBuildFile; fileRef = 8C852AE1182818C7008F041C /* UIAlertView+Extensions.h */; };
		8C852AE4182818C7008F041C /* UIAlertView+Extensions.m in Sources */ = {isa = PBXBuildFile; fileRef = 8C852AE2182818C7008F041C /* UIAlertView+Extensions.m */; };
		8C852AE5182818C7008F041C /* UIAlertView+Extensions.m in Sources */ = {isa = PBXBuildFile; fileRef = 8C852AE2182818C7008F041C /* UIAlertView+Extensions.m */; };
		8CAD2E62181ED28F007C5743 /* CoreLocation.framework in Frameworks */ = {isa = PBXBuildFile; fileRef = 8CAD2E61181ED28F007C5743 /* CoreLocation.framework */; };
		8CAD2E63181ED2B2007C5743 /* CoreBluetooth.framework in Frameworks */ = {isa = PBXBuildFile; fileRef = 8CB1AF3E181AB955008E0D53 /* CoreBluetooth.framework */; };
		8CAD2E64181ED2B9007C5743 /* CoreLocation.framework in Frameworks */ = {isa = PBXBuildFile; fileRef = 8CAD2E61181ED28F007C5743 /* CoreLocation.framework */; };
		8CAE846A18227A91006CD8AC /* Cocoa.framework in Frameworks */ = {isa = PBXBuildFile; fileRef = 8CF299C21821B29700428BA5 /* Cocoa.framework */; };
		8CAE847618227A91006CD8AC /* XCTest.framework in Frameworks */ = {isa = PBXBuildFile; fileRef = 8C36000F17F4C6E4004860B5 /* XCTest.framework */; };
		8CAE847718227A91006CD8AC /* Cocoa.framework in Frameworks */ = {isa = PBXBuildFile; fileRef = 8CF299C21821B29700428BA5 /* Cocoa.framework */; };
		8CAE847A18227A91006CD8AC /* libOSXLibrary.a in Frameworks */ = {isa = PBXBuildFile; fileRef = 8CAE846918227A91006CD8AC /* libOSXLibrary.a */; };
		8CAE848E18227AAB006CD8AC /* Foundation.framework in Frameworks */ = {isa = PBXBuildFile; fileRef = 8C36FFED17F4C6E4004860B5 /* Foundation.framework */; };
		8CAE849B18227AAB006CD8AC /* XCTest.framework in Frameworks */ = {isa = PBXBuildFile; fileRef = 8C36000F17F4C6E4004860B5 /* XCTest.framework */; };
		8CAE849C18227AAB006CD8AC /* Foundation.framework in Frameworks */ = {isa = PBXBuildFile; fileRef = 8C36FFED17F4C6E4004860B5 /* Foundation.framework */; };
		8CAE849D18227AAB006CD8AC /* UIKit.framework in Frameworks */ = {isa = PBXBuildFile; fileRef = 8C36FFF117F4C6E4004860B5 /* UIKit.framework */; };
		8CAE84A018227AAB006CD8AC /* libIOSLibrary.a in Frameworks */ = {isa = PBXBuildFile; fileRef = 8CAE848D18227AAB006CD8AC /* libIOSLibrary.a */; };
		8CAE851618227B8C006CD8AC /* RootController.h in Headers */ = {isa = PBXBuildFile; fileRef = 8CAE84B218227B8B006CD8AC /* RootController.h */; };
		8CAE851718227B8C006CD8AC /* RootController.m in Sources */ = {isa = PBXBuildFile; fileRef = 8CAE84B318227B8B006CD8AC /* RootController.m */; };
		8CAE852318227B8C006CD8AC /* AppDelegate.h in Headers */ = {isa = PBXBuildFile; fileRef = 8CAE84B418227B8B006CD8AC /* AppDelegate.h */; };
		8CAE852418227B8C006CD8AC /* AppDelegate.m in Sources */ = {isa = PBXBuildFile; fileRef = 8CAE84B518227B8B006CD8AC /* AppDelegate.m */; };
		8CAE853018227B8C006CD8AC /* BLENotifier-Info.plist in Resources */ = {isa = PBXBuildFile; fileRef = 8CAE84B618227B8B006CD8AC /* BLENotifier-Info.plist */; };
		8CAE853B18227B8C006CD8AC /* UILabel+Custom.m in Sources */ = {isa = PBXBuildFile; fileRef = 8CAE84BC18227B8B006CD8AC /* UILabel+Custom.m */; };
		8CAE854918227B8C006CD8AC /* CommonFont.m in Sources */ = {isa = PBXBuildFile; fileRef = 8CAE84C018227B8B006CD8AC /* CommonFont.m */; };
		8CAE855718227B8C006CD8AC /* InfoPlist.strings in Resources */ = {isa = PBXBuildFile; fileRef = 8CAE84C318227B8B006CD8AC /* InfoPlist.strings */; };
		8CAE855F18227B8C006CD8AC /* Images.xcassets in Resources */ = {isa = PBXBuildFile; fileRef = 8CAE84C518227B8B006CD8AC /* Images.xcassets */; };
		8CAE856718227B8C006CD8AC /* main.m in Sources */ = {isa = PBXBuildFile; fileRef = 8CAE84C618227B8B006CD8AC /* main.m */; };
		8CAE857318227B8C006CD8AC /* Apache License.txt in Resources */ = {isa = PBXBuildFile; fileRef = 8CAE84C918227B8B006CD8AC /* Apache License.txt */; };
		8CAE857B18227B8C006CD8AC /* OpenSans-CondBold.ttf in Resources */ = {isa = PBXBuildFile; fileRef = 8CAE84CA18227B8B006CD8AC /* OpenSans-CondBold.ttf */; };
		8CAE858318227B8C006CD8AC /* OpenSans-CondLight.ttf in Resources */ = {isa = PBXBuildFile; fileRef = 8CAE84CB18227B8B006CD8AC /* OpenSans-CondLight.ttf */; };
		8CAE858B18227B8C006CD8AC /* OpenSans-CondLightItalic.ttf in Resources */ = {isa = PBXBuildFile; fileRef = 8CAE84CC18227B8B006CD8AC /* OpenSans-CondLightItalic.ttf */; };
		8CAE859418227B8C006CD8AC /* BLENotifierTests-Info.plist in Resources */ = {isa = PBXBuildFile; fileRef = 8CAE84CF18227B8B006CD8AC /* BLENotifierTests-Info.plist */; };
		8CAE859C18227B8C006CD8AC /* BLENotifierTests.m in Sources */ = {isa = PBXBuildFile; fileRef = 8CAE84D018227B8B006CD8AC /* BLENotifierTests.m */; };
		8CAE85A818227B8C006CD8AC /* InfoPlist.strings in Resources */ = {isa = PBXBuildFile; fileRef = 8CAE84D118227B8B006CD8AC /* InfoPlist.strings */; };
		8CAE85B418227B8C006CD8AC /* AppDelegate.m in Sources */ = {isa = PBXBuildFile; fileRef = 8CAE84D518227B8C006CD8AC /* AppDelegate.m */; };
		8CAE85BF18227B8C006CD8AC /* MainMenu.xib in Resources */ = {isa = PBXBuildFile; fileRef = 8CAE84D618227B8C006CD8AC /* MainMenu.xib */; };
		8CAE85C718227B8C006CD8AC /* Credits.rtf in Resources */ = {isa = PBXBuildFile; fileRef = 8CAE84D818227B8C006CD8AC /* Credits.rtf */; };
		8CAE85CF18227B8C006CD8AC /* InfoPlist.strings in Resources */ = {isa = PBXBuildFile; fileRef = 8CAE84DA18227B8C006CD8AC /* InfoPlist.strings */; };
		8CAE85D718227B8C006CD8AC /* Images.xcassets in Resources */ = {isa = PBXBuildFile; fileRef = 8CAE84DC18227B8C006CD8AC /* Images.xcassets */; };
		8CAE85E018227B8C006CD8AC /* main.m in Sources */ = {isa = PBXBuildFile; fileRef = 8CAE84DD18227B8C006CD8AC /* main.m */; };
		8CAE85EB18227B8C006CD8AC /* OSX BLENotifier-Info.plist in Resources */ = {isa = PBXBuildFile; fileRef = 8CAE84DE18227B8C006CD8AC /* OSX BLENotifier-Info.plist */; };
		8CAE85F518227B8C006CD8AC /* OSX_BLENotifier.xcdatamodeld in Sources */ = {isa = PBXBuildFile; fileRef = 8CAE84E018227B8C006CD8AC /* OSX_BLENotifier.xcdatamodeld */; };
		8CAE864718227B8C006CD8AC /* OSX BLENotifierTests-Info.plist in Resources */ = {isa = PBXBuildFile; fileRef = 8CAE84EF18227B8C006CD8AC /* OSX BLENotifierTests-Info.plist */; };
		8CAE865018227B8C006CD8AC /* OSX_BLENotifierTests.m in Sources */ = {isa = PBXBuildFile; fileRef = 8CAE84F018227B8C006CD8AC /* OSX_BLENotifierTests.m */; };
		8CAE86F318228222006CD8AC /* InfoPlist.strings in Resources */ = {isa = PBXBuildFile; fileRef = 8CAE84ED18227B8C006CD8AC /* InfoPlist.strings */; };
		8CAE8700182282FF006CD8AC /* CoreIOS.m in Sources */ = {isa = PBXBuildFile; fileRef = 8CAE86F8182282FF006CD8AC /* CoreIOS.m */; };
		8CAE8702182282FF006CD8AC /* NotifierCore.m in Sources */ = {isa = PBXBuildFile; fileRef = 8CAE86FE182282FF006CD8AC /* NotifierCore.m */; };
		8CAE870818228328006CD8AC /* InfoPlist.strings in Resources */ = {isa = PBXBuildFile; fileRef = 8CAE870418228328006CD8AC /* InfoPlist.strings */; };
		8CAE870918228328006CD8AC /* NotifierCoreTests-Info.plist in Resources */ = {isa = PBXBuildFile; fileRef = 8CAE870618228328006CD8AC /* NotifierCoreTests-Info.plist */; };
		8CAE870A18228328006CD8AC /* NotifierCoreTests.m in Sources */ = {isa = PBXBuildFile; fileRef = 8CAE870718228328006CD8AC /* NotifierCoreTests.m */; };
		8CAE870F18228339006CD8AC /* IOSLibrary.m in Sources */ = {isa = PBXBuildFile; fileRef = 8CAE870E18228339006CD8AC /* IOSLibrary.m */; };
		8CAE871518228344006CD8AC /* InfoPlist.strings in Resources */ = {isa = PBXBuildFile; fileRef = 8CAE871118228344006CD8AC /* InfoPlist.strings */; };
		8CAE871618228344006CD8AC /* IOSLibraryTests-Info.plist in Resources */ = {isa = PBXBuildFile; fileRef = 8CAE871318228344006CD8AC /* IOSLibraryTests-Info.plist */; };
		8CAE871718228344006CD8AC /* IOSLibraryTests.m in Sources */ = {isa = PBXBuildFile; fileRef = 8CAE871418228344006CD8AC /* IOSLibraryTests.m */; };
		8CAE871C18228352006CD8AC /* OSXLibrary-Prefix.pch in Headers */ = {isa = PBXBuildFile; fileRef = 8CAE871918228352006CD8AC /* OSXLibrary-Prefix.pch */; };
		8CAE871E18228352006CD8AC /* OSXLibrary.m in Sources */ = {isa = PBXBuildFile; fileRef = 8CAE871B18228352006CD8AC /* OSXLibrary.m */; };
		8CAE87241822835F006CD8AC /* InfoPlist.strings in Resources */ = {isa = PBXBuildFile; fileRef = 8CAE87201822835F006CD8AC /* InfoPlist.strings */; };
		8CAE87251822835F006CD8AC /* OSXLibraryTests-Info.plist in Resources */ = {isa = PBXBuildFile; fileRef = 8CAE87221822835F006CD8AC /* OSXLibraryTests-Info.plist */; };
		8CAE87261822835F006CD8AC /* OSXLibraryTests.m in Sources */ = {isa = PBXBuildFile; fileRef = 8CAE87231822835F006CD8AC /* OSXLibraryTests.m */; };
		8CAE872718228546006CD8AC /* libOSX NotifierCore.a in Frameworks */ = {isa = PBXBuildFile; fileRef = 8CF29A301821B53C00428BA5 /* libOSX NotifierCore.a */; };
		8CAE872818228574006CD8AC /* CoreOSX.m in Sources */ = {isa = PBXBuildFile; fileRef = 8CAE86FB182282FF006CD8AC /* CoreOSX.m */; };
		8CAE872918228850006CD8AC /* NotifierCore.m in Sources */ = {isa = PBXBuildFile; fileRef = 8CAE86FE182282FF006CD8AC /* NotifierCore.m */; };
		8CB1AF1D181AB3B2008E0D53 /* Foundation.framework in Frameworks */ = {isa = PBXBuildFile; fileRef = 8C36FFED17F4C6E4004860B5 /* Foundation.framework */; };
		8CB1AF2A181AB3B2008E0D53 /* XCTest.framework in Frameworks */ = {isa = PBXBuildFile; fileRef = 8C36000F17F4C6E4004860B5 /* XCTest.framework */; };
		8CB1AF2B181AB3B2008E0D53 /* Foundation.framework in Frameworks */ = {isa = PBXBuildFile; fileRef = 8C36FFED17F4C6E4004860B5 /* Foundation.framework */; };
		8CB1AF2C181AB3B2008E0D53 /* UIKit.framework in Frameworks */ = {isa = PBXBuildFile; fileRef = 8C36FFF117F4C6E4004860B5 /* UIKit.framework */; };
		8CB1AF2F181AB3B2008E0D53 /* libNotifierCore.a in Frameworks */ = {isa = PBXBuildFile; fileRef = 8CB1AF1C181AB3B2008E0D53 /* libNotifierCore.a */; };
		8CB1AF3F181AB955008E0D53 /* CoreBluetooth.framework in Frameworks */ = {isa = PBXBuildFile; fileRef = 8CB1AF3E181AB955008E0D53 /* CoreBluetooth.framework */; };
		8CDD83FD181AF9D700088864 /* libNotifierCore.a in Frameworks */ = {isa = PBXBuildFile; fileRef = 8CB1AF1C181AB3B2008E0D53 /* libNotifierCore.a */; };
		8CDD83FF181AFBFB00088864 /* CFNetwork.framework in Frameworks */ = {isa = PBXBuildFile; fileRef = 8CDD83FE181AFBFB00088864 /* CFNetwork.framework */; };
		8CF299C31821B29700428BA5 /* Cocoa.framework in Frameworks */ = {isa = PBXBuildFile; fileRef = 8CF299C21821B29700428BA5 /* Cocoa.framework */; };
		8CF299E41821B29700428BA5 /* XCTest.framework in Frameworks */ = {isa = PBXBuildFile; fileRef = 8C36000F17F4C6E4004860B5 /* XCTest.framework */; };
		8CF299E51821B29700428BA5 /* Cocoa.framework in Frameworks */ = {isa = PBXBuildFile; fileRef = 8CF299C21821B29700428BA5 /* Cocoa.framework */; };
		8CF29A211821B36F00428BA5 /* IOBluetooth.framework in Frameworks */ = {isa = PBXBuildFile; fileRef = 8CF29A191821B32200428BA5 /* IOBluetooth.framework */; };
		8CF29A221821B37C00428BA5 /* IOBluetoothUI.framework in Frameworks */ = {isa = PBXBuildFile; fileRef = 8CF29A171821B31A00428BA5 /* IOBluetoothUI.framework */; };
		8CF29A2A1821B53C00428BA5 /* Foundation.framework in Frameworks */ = {isa = PBXBuildFile; fileRef = 8C36FFED17F4C6E4004860B5 /* Foundation.framework */; };
		8CF29A331821B59000428BA5 /* IOBluetooth.framework in Frameworks */ = {isa = PBXBuildFile; fileRef = 8CF29A191821B32200428BA5 /* IOBluetooth.framework */; };
		8CF29A341821B59800428BA5 /* IOBluetoothUI.framework in Frameworks */ = {isa = PBXBuildFile; fileRef = 8CF29A171821B31A00428BA5 /* IOBluetoothUI.framework */; };
		8CF29A431821BD0200428BA5 /* CoreLocation.framework in Frameworks */ = {isa = PBXBuildFile; fileRef = 8CF29A421821BD0200428BA5 /* CoreLocation.framework */; };
		8CF29A451821BD0B00428BA5 /* CFNetwork.framework in Frameworks */ = {isa = PBXBuildFile; fileRef = 8CF29A441821BD0B00428BA5 /* CFNetwork.framework */; };
/* End PBXBuildFile section */

/* Begin PBXContainerItemProxy section */
		8C36001317F4C6E4004860B5 /* PBXContainerItemProxy */ = {
			isa = PBXContainerItemProxy;
			containerPortal = 8C36FFE217F4C6E4004860B5 /* Project object */;
			proxyType = 1;
			remoteGlobalIDString = 8C36FFE917F4C6E4004860B5;
			remoteInfo = BLENotifier;
		};
		8CAE847818227A91006CD8AC /* PBXContainerItemProxy */ = {
			isa = PBXContainerItemProxy;
			containerPortal = 8C36FFE217F4C6E4004860B5 /* Project object */;
			proxyType = 1;
			remoteGlobalIDString = 8CAE846818227A91006CD8AC;
			remoteInfo = OSXLibrary;
		};
		8CAE849E18227AAB006CD8AC /* PBXContainerItemProxy */ = {
			isa = PBXContainerItemProxy;
			containerPortal = 8C36FFE217F4C6E4004860B5 /* Project object */;
			proxyType = 1;
			remoteGlobalIDString = 8CAE848C18227AAA006CD8AC;
			remoteInfo = IOSLibrary;
		};
		8CB1AF2D181AB3B2008E0D53 /* PBXContainerItemProxy */ = {
			isa = PBXContainerItemProxy;
			containerPortal = 8C36FFE217F4C6E4004860B5 /* Project object */;
			proxyType = 1;
			remoteGlobalIDString = 8CB1AF1B181AB3B2008E0D53;
			remoteInfo = NotifierCore;
		};
		8CB1AF43181AF418008E0D53 /* PBXContainerItemProxy */ = {
			isa = PBXContainerItemProxy;
			containerPortal = 8C36FFE217F4C6E4004860B5 /* Project object */;
			proxyType = 1;
			remoteGlobalIDString = 8CB1AF1B181AB3B2008E0D53;
			remoteInfo = NotifierCore;
		};
		8CF299E61821B29700428BA5 /* PBXContainerItemProxy */ = {
			isa = PBXContainerItemProxy;
			containerPortal = 8C36FFE217F4C6E4004860B5 /* Project object */;
			proxyType = 1;
			remoteGlobalIDString = 8CF299C01821B29700428BA5;
			remoteInfo = "OSX BLENotifier";
		};
		8CF29A311821B56900428BA5 /* PBXContainerItemProxy */ = {
			isa = PBXContainerItemProxy;
			containerPortal = 8C36FFE217F4C6E4004860B5 /* Project object */;
			proxyType = 1;
			remoteGlobalIDString = 8CF29A231821B53C00428BA5;
			remoteInfo = "OSX NotifierCore";
		};
/* End PBXContainerItemProxy section */

/* Begin PBXCopyFilesBuildPhase section */
		8CAE848B18227AAA006CD8AC /* CopyFiles */ = {
			isa = PBXCopyFilesBuildPhase;
			buildActionMask = 2147483647;
			dstPath = "include/$(PRODUCT_NAME)";
			dstSubfolderSpec = 16;
			files = (
			);
			runOnlyForDeploymentPostprocessing = 0;
		};
		8CB1AF1A181AB3B2008E0D53 /* CopyFiles */ = {
			isa = PBXCopyFilesBuildPhase;
			buildActionMask = 2147483647;
			dstPath = "include/$(PRODUCT_NAME)";
			dstSubfolderSpec = 16;
			files = (
			);
			runOnlyForDeploymentPostprocessing = 0;
		};
		8CF29A2B1821B53C00428BA5 /* CopyFiles */ = {
			isa = PBXCopyFilesBuildPhase;
			buildActionMask = 2147483647;
			dstPath = "include/$(PRODUCT_NAME)";
			dstSubfolderSpec = 16;
			files = (
			);
			runOnlyForDeploymentPostprocessing = 0;
		};
/* End PBXCopyFilesBuildPhase section */

/* Begin PBXFileReference section */
		8C237EA8182BFD23008E0D16 /* Categories.h */ = {isa = PBXFileReference; fileEncoding = 4; lastKnownFileType = sourcecode.c.h; path = Categories.h; sourceTree = "<group>"; };
		8C237EA9182BFD23008E0D16 /* Common.h */ = {isa = PBXFileReference; fileEncoding = 4; lastKnownFileType = sourcecode.c.h; path = Common.h; sourceTree = "<group>"; };
		8C237EAB182BFD23008E0D16 /* Macros.h */ = {isa = PBXFileReference; fileEncoding = 4; lastKnownFileType = sourcecode.c.h; path = Macros.h; sourceTree = "<group>"; };
		8C237EAC182BFD23008E0D16 /* VariosMacros.h */ = {isa = PBXFileReference; fileEncoding = 4; lastKnownFileType = sourcecode.c.h; path = VariosMacros.h; sourceTree = "<group>"; };
		8C36000E17F4C6E4004860B5 /* BLENotifierTests.xctest */ = {isa = PBXFileReference; explicitFileType = wrapper.cfbundle; includeInIndex = 0; path = BLENotifierTests.xctest; sourceTree = BUILT_PRODUCTS_DIR; };
		8C36000F17F4C6E4004860B5 /* XCTest.framework */ = {isa = PBXFileReference; lastKnownFileType = wrapper.framework; name = XCTest.framework; path = Library/Frameworks/XCTest.framework; sourceTree = DEVELOPER_DIR; };
		8C36FFEA17F4C6E4004860B5 /* BLENotifier.app */ = {isa = PBXFileReference; explicitFileType = wrapper.application; includeInIndex = 0; path = BLENotifier.app; sourceTree = BUILT_PRODUCTS_DIR; };
		8C36FFED17F4C6E4004860B5 /* Foundation.framework */ = {isa = PBXFileReference; lastKnownFileType = wrapper.framework; name = Foundation.framework; path = System/Library/Frameworks/Foundation.framework; sourceTree = SDKROOT; };
		8C36FFEF17F4C6E4004860B5 /* CoreGraphics.framework */ = {isa = PBXFileReference; lastKnownFileType = wrapper.framework; name = CoreGraphics.framework; path = System/Library/Frameworks/CoreGraphics.framework; sourceTree = SDKROOT; };
		8C36FFF117F4C6E4004860B5 /* UIKit.framework */ = {isa = PBXFileReference; lastKnownFileType = wrapper.framework; name = UIKit.framework; path = System/Library/Frameworks/UIKit.framework; sourceTree = SDKROOT; };
		8C852ADF18280601008F041C /* Library.h */ = {isa = PBXFileReference; fileEncoding = 4; lastKnownFileType = sourcecode.c.h; path = Library.h; sourceTree = "<group>"; };
		8C852AE1182818C7008F041C /* UIAlertView+Extensions.h */ = {isa = PBXFileReference; fileEncoding = 4; lastKnownFileType = sourcecode.c.h; path = "UIAlertView+Extensions.h"; sourceTree = "<group>"; };
		8C852AE2182818C7008F041C /* UIAlertView+Extensions.m */ = {isa = PBXFileReference; fileEncoding = 4; lastKnownFileType = sourcecode.c.objc; path = "UIAlertView+Extensions.m"; sourceTree = "<group>"; };
		8CAD2E61181ED28F007C5743 /* CoreLocation.framework */ = {isa = PBXFileReference; lastKnownFileType = wrapper.framework; name = CoreLocation.framework; path = System/Library/Frameworks/CoreLocation.framework; sourceTree = SDKROOT; };
		8CAE846918227A91006CD8AC /* libOSXLibrary.a */ = {isa = PBXFileReference; explicitFileType = archive.ar; includeInIndex = 0; path = libOSXLibrary.a; sourceTree = BUILT_PRODUCTS_DIR; };
		8CAE847518227A91006CD8AC /* OSXLibraryTests.xctest */ = {isa = PBXFileReference; explicitFileType = wrapper.cfbundle; includeInIndex = 0; path = OSXLibraryTests.xctest; sourceTree = BUILT_PRODUCTS_DIR; };
		8CAE848D18227AAB006CD8AC /* libIOSLibrary.a */ = {isa = PBXFileReference; explicitFileType = archive.ar; includeInIndex = 0; path = libIOSLibrary.a; sourceTree = BUILT_PRODUCTS_DIR; };
		8CAE849A18227AAB006CD8AC /* IOSLibraryTests.xctest */ = {isa = PBXFileReference; explicitFileType = wrapper.cfbundle; includeInIndex = 0; path = IOSLibraryTests.xctest; sourceTree = BUILT_PRODUCTS_DIR; };
		8CAE84B218227B8B006CD8AC /* RootController.h */ = {isa = PBXFileReference; fileEncoding = 4; lastKnownFileType = sourcecode.c.h; path = RootController.h; sourceTree = "<group>"; };
		8CAE84B318227B8B006CD8AC /* RootController.m */ = {isa = PBXFileReference; fileEncoding = 4; lastKnownFileType = sourcecode.c.objc; path = RootController.m; sourceTree = "<group>"; };
		8CAE84B418227B8B006CD8AC /* AppDelegate.h */ = {isa = PBXFileReference; fileEncoding = 4; lastKnownFileType = sourcecode.c.h; path = AppDelegate.h; sourceTree = "<group>"; };
		8CAE84B518227B8B006CD8AC /* AppDelegate.m */ = {isa = PBXFileReference; fileEncoding = 4; lastKnownFileType = sourcecode.c.objc; path = AppDelegate.m; sourceTree = "<group>"; };
		8CAE84B618227B8B006CD8AC /* BLENotifier-Info.plist */ = {isa = PBXFileReference; fileEncoding = 4; lastKnownFileType = text.plist.xml; path = "BLENotifier-Info.plist"; sourceTree = "<group>"; };
		8CAE84B718227B8B006CD8AC /* BLENotifier-Prefix.pch */ = {isa = PBXFileReference; fileEncoding = 4; lastKnownFileType = sourcecode.c.h; path = "BLENotifier-Prefix.pch"; sourceTree = "<group>"; };
		8CAE84BA18227B8B006CD8AC /* Categories.h */ = {isa = PBXFileReference; fileEncoding = 4; lastKnownFileType = sourcecode.c.h; path = Categories.h; sourceTree = "<group>"; };
		8CAE84BB18227B8B006CD8AC /* UILabel+Custom.h */ = {isa = PBXFileReference; fileEncoding = 4; lastKnownFileType = sourcecode.c.h; path = "UILabel+Custom.h"; sourceTree = "<group>"; };
		8CAE84BC18227B8B006CD8AC /* UILabel+Custom.m */ = {isa = PBXFileReference; fileEncoding = 4; lastKnownFileType = sourcecode.c.objc; path = "UILabel+Custom.m"; sourceTree = "<group>"; };
		8CAE84BD18227B8B006CD8AC /* Common.h */ = {isa = PBXFileReference; fileEncoding = 4; lastKnownFileType = sourcecode.c.h; path = Common.h; sourceTree = "<group>"; };
		8CAE84BF18227B8B006CD8AC /* CommonFont.h */ = {isa = PBXFileReference; fileEncoding = 4; lastKnownFileType = sourcecode.c.h; path = CommonFont.h; sourceTree = "<group>"; };
		8CAE84C018227B8B006CD8AC /* CommonFont.m */ = {isa = PBXFileReference; fileEncoding = 4; lastKnownFileType = sourcecode.c.objc; path = CommonFont.m; sourceTree = "<group>"; };
		8CAE84C118227B8B006CD8AC /* Macros.h */ = {isa = PBXFileReference; fileEncoding = 4; lastKnownFileType = sourcecode.c.h; path = Macros.h; sourceTree = "<group>"; };
		8CAE84C218227B8B006CD8AC /* VariosMacros.h */ = {isa = PBXFileReference; fileEncoding = 4; lastKnownFileType = sourcecode.c.h; path = VariosMacros.h; sourceTree = "<group>"; };
		8CAE84C418227B8B006CD8AC /* en */ = {isa = PBXFileReference; lastKnownFileType = text.plist.strings; name = en; path = en.lproj/InfoPlist.strings; sourceTree = "<group>"; };
		8CAE84C518227B8B006CD8AC /* Images.xcassets */ = {isa = PBXFileReference; lastKnownFileType = folder.assetcatalog; path = Images.xcassets; sourceTree = "<group>"; };
		8CAE84C618227B8B006CD8AC /* main.m */ = {isa = PBXFileReference; fileEncoding = 4; lastKnownFileType = sourcecode.c.objc; path = main.m; sourceTree = "<group>"; };
		8CAE84C918227B8B006CD8AC /* Apache License.txt */ = {isa = PBXFileReference; fileEncoding = 4; lastKnownFileType = text; path = "Apache License.txt"; sourceTree = "<group>"; };
		8CAE84CA18227B8B006CD8AC /* OpenSans-CondBold.ttf */ = {isa = PBXFileReference; lastKnownFileType = file; path = "OpenSans-CondBold.ttf"; sourceTree = "<group>"; };
		8CAE84CB18227B8B006CD8AC /* OpenSans-CondLight.ttf */ = {isa = PBXFileReference; lastKnownFileType = file; path = "OpenSans-CondLight.ttf"; sourceTree = "<group>"; };
		8CAE84CC18227B8B006CD8AC /* OpenSans-CondLightItalic.ttf */ = {isa = PBXFileReference; lastKnownFileType = file; path = "OpenSans-CondLightItalic.ttf"; sourceTree = "<group>"; };
		8CAE84CF18227B8B006CD8AC /* BLENotifierTests-Info.plist */ = {isa = PBXFileReference; fileEncoding = 4; lastKnownFileType = text.plist.xml; path = "BLENotifierTests-Info.plist"; sourceTree = "<group>"; };
		8CAE84D018227B8B006CD8AC /* BLENotifierTests.m */ = {isa = PBXFileReference; fileEncoding = 4; lastKnownFileType = sourcecode.c.objc; path = BLENotifierTests.m; sourceTree = "<group>"; };
		8CAE84D218227B8B006CD8AC /* en */ = {isa = PBXFileReference; lastKnownFileType = text.plist.strings; name = en; path = en.lproj/InfoPlist.strings; sourceTree = "<group>"; };
		8CAE84D418227B8C006CD8AC /* AppDelegate.h */ = {isa = PBXFileReference; fileEncoding = 4; lastKnownFileType = sourcecode.c.h; path = AppDelegate.h; sourceTree = "<group>"; };
		8CAE84D518227B8C006CD8AC /* AppDelegate.m */ = {isa = PBXFileReference; fileEncoding = 4; lastKnownFileType = sourcecode.c.objc; path = AppDelegate.m; sourceTree = "<group>"; };
		8CAE84D718227B8C006CD8AC /* Base */ = {isa = PBXFileReference; lastKnownFileType = file.xib; name = Base; path = Base.lproj/MainMenu.xib; sourceTree = "<group>"; };
		8CAE84D918227B8C006CD8AC /* en */ = {isa = PBXFileReference; lastKnownFileType = text.rtf; name = en; path = en.lproj/Credits.rtf; sourceTree = "<group>"; };
		8CAE84DB18227B8C006CD8AC /* en */ = {isa = PBXFileReference; lastKnownFileType = text.plist.strings; name = en; path = en.lproj/InfoPlist.strings; sourceTree = "<group>"; };
		8CAE84DC18227B8C006CD8AC /* Images.xcassets */ = {isa = PBXFileReference; lastKnownFileType = folder.assetcatalog; path = Images.xcassets; sourceTree = "<group>"; };
		8CAE84DD18227B8C006CD8AC /* main.m */ = {isa = PBXFileReference; fileEncoding = 4; lastKnownFileType = sourcecode.c.objc; path = main.m; sourceTree = "<group>"; };
		8CAE84DE18227B8C006CD8AC /* OSX BLENotifier-Info.plist */ = {isa = PBXFileReference; fileEncoding = 4; lastKnownFileType = text.plist.xml; path = "OSX BLENotifier-Info.plist"; sourceTree = "<group>"; };
		8CAE84DF18227B8C006CD8AC /* OSX BLENotifier-Prefix.pch */ = {isa = PBXFileReference; fileEncoding = 4; lastKnownFileType = sourcecode.c.h; path = "OSX BLENotifier-Prefix.pch"; sourceTree = "<group>"; };
		8CAE84E118227B8C006CD8AC /* OSX_BLENotifier.xcdatamodel */ = {isa = PBXFileReference; lastKnownFileType = wrapper.xcdatamodel; path = OSX_BLENotifier.xcdatamodel; sourceTree = "<group>"; };
		8CAE84EE18227B8C006CD8AC /* en */ = {isa = PBXFileReference; lastKnownFileType = text.plist.strings; name = en; path = en.lproj/InfoPlist.strings; sourceTree = "<group>"; };
		8CAE84EF18227B8C006CD8AC /* OSX BLENotifierTests-Info.plist */ = {isa = PBXFileReference; fileEncoding = 4; lastKnownFileType = text.plist.xml; path = "OSX BLENotifierTests-Info.plist"; sourceTree = "<group>"; };
		8CAE84F018227B8C006CD8AC /* OSX_BLENotifierTests.m */ = {isa = PBXFileReference; fileEncoding = 4; lastKnownFileType = sourcecode.c.objc; path = OSX_BLENotifierTests.m; sourceTree = "<group>"; };
		8CAE86F7182282FF006CD8AC /* CoreIOS.h */ = {isa = PBXFileReference; fileEncoding = 4; lastKnownFileType = sourcecode.c.h; path = CoreIOS.h; sourceTree = "<group>"; };
		8CAE86F8182282FF006CD8AC /* CoreIOS.m */ = {isa = PBXFileReference; fileEncoding = 4; lastKnownFileType = sourcecode.c.objc; path = CoreIOS.m; sourceTree = "<group>"; };
		8CAE86FA182282FF006CD8AC /* CoreOSX.h */ = {isa = PBXFileReference; fileEncoding = 4; lastKnownFileType = sourcecode.c.h; path = CoreOSX.h; sourceTree = "<group>"; };
		8CAE86FB182282FF006CD8AC /* CoreOSX.m */ = {isa = PBXFileReference; fileEncoding = 4; lastKnownFileType = sourcecode.c.objc; path = CoreOSX.m; sourceTree = "<group>"; };
		8CAE86FC182282FF006CD8AC /* IOS-NotifierCore-Prefix.pch */ = {isa = PBXFileReference; fileEncoding = 4; lastKnownFileType = sourcecode.c.h; path = "IOS-NotifierCore-Prefix.pch"; sourceTree = "<group>"; };
		8CAE86FD182282FF006CD8AC /* NotifierCore.h */ = {isa = PBXFileReference; fileEncoding = 4; lastKnownFileType = sourcecode.c.h; path = NotifierCore.h; sourceTree = "<group>"; };
		8CAE86FE182282FF006CD8AC /* NotifierCore.m */ = {isa = PBXFileReference; fileEncoding = 4; lastKnownFileType = sourcecode.c.objc; path = NotifierCore.m; sourceTree = "<group>"; };
		8CAE86FF182282FF006CD8AC /* OSX-NotifierCore-Prefix.pch */ = {isa = PBXFileReference; fileEncoding = 4; lastKnownFileType = sourcecode.c.h; path = "OSX-NotifierCore-Prefix.pch"; sourceTree = "<group>"; };
		8CAE870518228328006CD8AC /* en */ = {isa = PBXFileReference; lastKnownFileType = text.plist.strings; name = en; path = en.lproj/InfoPlist.strings; sourceTree = "<group>"; };
		8CAE870618228328006CD8AC /* NotifierCoreTests-Info.plist */ = {isa = PBXFileReference; fileEncoding = 4; lastKnownFileType = text.plist.xml; path = "NotifierCoreTests-Info.plist"; sourceTree = "<group>"; };
		8CAE870718228328006CD8AC /* NotifierCoreTests.m */ = {isa = PBXFileReference; fileEncoding = 4; lastKnownFileType = sourcecode.c.objc; path = NotifierCoreTests.m; sourceTree = "<group>"; };
		8CAE870C18228339006CD8AC /* IOSLibrary-Prefix.pch */ = {isa = PBXFileReference; fileEncoding = 4; lastKnownFileType = sourcecode.c.h; path = "IOSLibrary-Prefix.pch"; sourceTree = "<group>"; };
		8CAE870E18228339006CD8AC /* IOSLibrary.m */ = {isa = PBXFileReference; fileEncoding = 4; lastKnownFileType = sourcecode.c.objc; path = IOSLibrary.m; sourceTree = "<group>"; };
		8CAE871218228344006CD8AC /* en */ = {isa = PBXFileReference; lastKnownFileType = text.plist.strings; name = en; path = en.lproj/InfoPlist.strings; sourceTree = "<group>"; };
		8CAE871318228344006CD8AC /* IOSLibraryTests-Info.plist */ = {isa = PBXFileReference; fileEncoding = 4; lastKnownFileType = text.plist.xml; path = "IOSLibraryTests-Info.plist"; sourceTree = "<group>"; };
		8CAE871418228344006CD8AC /* IOSLibraryTests.m */ = {isa = PBXFileReference; fileEncoding = 4; lastKnownFileType = sourcecode.c.objc; path = IOSLibraryTests.m; sourceTree = "<group>"; };
		8CAE871918228352006CD8AC /* OSXLibrary-Prefix.pch */ = {isa = PBXFileReference; fileEncoding = 4; lastKnownFileType = sourcecode.c.h; path = "OSXLibrary-Prefix.pch"; sourceTree = "<group>"; };
		8CAE871B18228352006CD8AC /* OSXLibrary.m */ = {isa = PBXFileReference; fileEncoding = 4; lastKnownFileType = sourcecode.c.objc; path = OSXLibrary.m; sourceTree = "<group>"; };
		8CAE87211822835F006CD8AC /* en */ = {isa = PBXFileReference; lastKnownFileType = text.plist.strings; name = en; path = en.lproj/InfoPlist.strings; sourceTree = "<group>"; };
		8CAE87221822835F006CD8AC /* OSXLibraryTests-Info.plist */ = {isa = PBXFileReference; fileEncoding = 4; lastKnownFileType = text.plist.xml; path = "OSXLibraryTests-Info.plist"; sourceTree = "<group>"; };
		8CAE87231822835F006CD8AC /* OSXLibraryTests.m */ = {isa = PBXFileReference; fileEncoding = 4; lastKnownFileType = sourcecode.c.objc; path = OSXLibraryTests.m; sourceTree = "<group>"; };
		8CB1AF1C181AB3B2008E0D53 /* libNotifierCore.a */ = {isa = PBXFileReference; explicitFileType = archive.ar; includeInIndex = 0; path = libNotifierCore.a; sourceTree = BUILT_PRODUCTS_DIR; };
		8CB1AF29181AB3B2008E0D53 /* NotifierCoreTests.xctest */ = {isa = PBXFileReference; explicitFileType = wrapper.cfbundle; includeInIndex = 0; path = NotifierCoreTests.xctest; sourceTree = BUILT_PRODUCTS_DIR; };
		8CB1AF3E181AB955008E0D53 /* CoreBluetooth.framework */ = {isa = PBXFileReference; lastKnownFileType = wrapper.framework; name = CoreBluetooth.framework; path = System/Library/Frameworks/CoreBluetooth.framework; sourceTree = SDKROOT; };
		8CDD83FE181AFBFB00088864 /* CFNetwork.framework */ = {isa = PBXFileReference; lastKnownFileType = wrapper.framework; name = CFNetwork.framework; path = System/Library/Frameworks/CFNetwork.framework; sourceTree = SDKROOT; };
		8CF299C11821B29700428BA5 /* OSX BLENotifier.app */ = {isa = PBXFileReference; explicitFileType = wrapper.application; includeInIndex = 0; path = "OSX BLENotifier.app"; sourceTree = BUILT_PRODUCTS_DIR; };
		8CF299C21821B29700428BA5 /* Cocoa.framework */ = {isa = PBXFileReference; lastKnownFileType = wrapper.framework; name = Cocoa.framework; path = Library/Frameworks/Cocoa.framework; sourceTree = DEVELOPER_DIR; };
		8CF299C51821B29700428BA5 /* AppKit.framework */ = {isa = PBXFileReference; lastKnownFileType = wrapper.framework; name = AppKit.framework; path = Library/Frameworks/AppKit.framework; sourceTree = SDKROOT; };
		8CF299C61821B29700428BA5 /* CoreData.framework */ = {isa = PBXFileReference; lastKnownFileType = wrapper.framework; name = CoreData.framework; path = Library/Frameworks/CoreData.framework; sourceTree = SDKROOT; };
		8CF299C71821B29700428BA5 /* Foundation.framework */ = {isa = PBXFileReference; lastKnownFileType = wrapper.framework; name = Foundation.framework; path = Library/Frameworks/Foundation.framework; sourceTree = SDKROOT; };
		8CF299E31821B29700428BA5 /* OSX BLENotifierTests.xctest */ = {isa = PBXFileReference; explicitFileType = wrapper.cfbundle; includeInIndex = 0; path = "OSX BLENotifierTests.xctest"; sourceTree = BUILT_PRODUCTS_DIR; };
		8CF299F81821B29700428BA5 /* CoreServices.framework */ = {isa = PBXFileReference; lastKnownFileType = wrapper.framework; name = CoreServices.framework; path = Library/Frameworks/CoreServices.framework; sourceTree = DEVELOPER_DIR; };
		8CF299FA1821B29700428BA5 /* CoreFoundation.framework */ = {isa = PBXFileReference; lastKnownFileType = wrapper.framework; name = CoreFoundation.framework; path = Library/Frameworks/CoreFoundation.framework; sourceTree = DEVELOPER_DIR; };
		8CF299FC1821B29700428BA5 /* CoreData.framework */ = {isa = PBXFileReference; lastKnownFileType = wrapper.framework; name = CoreData.framework; path = Library/Frameworks/CoreData.framework; sourceTree = DEVELOPER_DIR; };
		8CF29A171821B31A00428BA5 /* IOBluetoothUI.framework */ = {isa = PBXFileReference; lastKnownFileType = wrapper.framework; name = IOBluetoothUI.framework; path = Platforms/MacOSX.platform/Developer/SDKs/MacOSX10.8.sdk/System/Library/Frameworks/IOBluetoothUI.framework; sourceTree = DEVELOPER_DIR; };
		8CF29A191821B32200428BA5 /* IOBluetooth.framework */ = {isa = PBXFileReference; lastKnownFileType = wrapper.framework; name = IOBluetooth.framework; path = Platforms/MacOSX.platform/Developer/SDKs/MacOSX10.8.sdk/System/Library/Frameworks/IOBluetooth.framework; sourceTree = DEVELOPER_DIR; };
		8CF29A301821B53C00428BA5 /* libOSX NotifierCore.a */ = {isa = PBXFileReference; explicitFileType = archive.ar; includeInIndex = 0; path = "libOSX NotifierCore.a"; sourceTree = BUILT_PRODUCTS_DIR; };
		8CF29A421821BD0200428BA5 /* CoreLocation.framework */ = {isa = PBXFileReference; lastKnownFileType = wrapper.framework; name = CoreLocation.framework; path = Platforms/MacOSX.platform/Developer/SDKs/MacOSX10.8.sdk/System/Library/Frameworks/CoreLocation.framework; sourceTree = DEVELOPER_DIR; };
		8CF29A441821BD0B00428BA5 /* CFNetwork.framework */ = {isa = PBXFileReference; lastKnownFileType = wrapper.framework; name = CFNetwork.framework; path = Platforms/MacOSX.platform/Developer/SDKs/MacOSX10.8.sdk/System/Library/Frameworks/CFNetwork.framework; sourceTree = DEVELOPER_DIR; };
/* End PBXFileReference section */

/* Begin PBXFrameworksBuildPhase section */
		8C36000B17F4C6E4004860B5 /* Frameworks */ = {
			isa = PBXFrameworksBuildPhase;
			buildActionMask = 2147483647;
			files = (
				8C36001017F4C6E4004860B5 /* XCTest.framework in Frameworks */,
				8C36001217F4C6E4004860B5 /* UIKit.framework in Frameworks */,
				8C36001117F4C6E4004860B5 /* Foundation.framework in Frameworks */,
			);
			runOnlyForDeploymentPostprocessing = 0;
		};
		8C36FFE717F4C6E4004860B5 /* Frameworks */ = {
			isa = PBXFrameworksBuildPhase;
			buildActionMask = 2147483647;
			files = (
				8CAD2E64181ED2B9007C5743 /* CoreLocation.framework in Frameworks */,
				8CAD2E63181ED2B2007C5743 /* CoreBluetooth.framework in Frameworks */,
				8CDD83FD181AF9D700088864 /* libNotifierCore.a in Frameworks */,
				8C36FFF017F4C6E4004860B5 /* CoreGraphics.framework in Frameworks */,
				8C36FFF217F4C6E4004860B5 /* UIKit.framework in Frameworks */,
				8C36FFEE17F4C6E4004860B5 /* Foundation.framework in Frameworks */,
			);
			runOnlyForDeploymentPostprocessing = 0;
		};
		8CAE846618227A91006CD8AC /* Frameworks */ = {
			isa = PBXFrameworksBuildPhase;
			buildActionMask = 2147483647;
			files = (
				8CAE846A18227A91006CD8AC /* Cocoa.framework in Frameworks */,
			);
			runOnlyForDeploymentPostprocessing = 0;
		};
		8CAE847218227A91006CD8AC /* Frameworks */ = {
			isa = PBXFrameworksBuildPhase;
			buildActionMask = 2147483647;
			files = (
				8CAE847A18227A91006CD8AC /* libOSXLibrary.a in Frameworks */,
				8CAE847718227A91006CD8AC /* Cocoa.framework in Frameworks */,
				8CAE847618227A91006CD8AC /* XCTest.framework in Frameworks */,
			);
			runOnlyForDeploymentPostprocessing = 0;
		};
		8CAE848A18227AAA006CD8AC /* Frameworks */ = {
			isa = PBXFrameworksBuildPhase;
			buildActionMask = 2147483647;
			files = (
				8CAE848E18227AAB006CD8AC /* Foundation.framework in Frameworks */,
			);
			runOnlyForDeploymentPostprocessing = 0;
		};
		8CAE849718227AAB006CD8AC /* Frameworks */ = {
			isa = PBXFrameworksBuildPhase;
			buildActionMask = 2147483647;
			files = (
				8CAE849B18227AAB006CD8AC /* XCTest.framework in Frameworks */,
				8CAE84A018227AAB006CD8AC /* libIOSLibrary.a in Frameworks */,
				8CAE849D18227AAB006CD8AC /* UIKit.framework in Frameworks */,
				8CAE849C18227AAB006CD8AC /* Foundation.framework in Frameworks */,
			);
			runOnlyForDeploymentPostprocessing = 0;
		};
		8CB1AF19181AB3B2008E0D53 /* Frameworks */ = {
			isa = PBXFrameworksBuildPhase;
			buildActionMask = 2147483647;
			files = (
				8CAD2E62181ED28F007C5743 /* CoreLocation.framework in Frameworks */,
				8CDD83FF181AFBFB00088864 /* CFNetwork.framework in Frameworks */,
				8CB1AF3F181AB955008E0D53 /* CoreBluetooth.framework in Frameworks */,
				8CB1AF1D181AB3B2008E0D53 /* Foundation.framework in Frameworks */,
			);
			runOnlyForDeploymentPostprocessing = 0;
		};
		8CB1AF26181AB3B2008E0D53 /* Frameworks */ = {
			isa = PBXFrameworksBuildPhase;
			buildActionMask = 2147483647;
			files = (
				8CB1AF2F181AB3B2008E0D53 /* libNotifierCore.a in Frameworks */,
				8CB1AF2A181AB3B2008E0D53 /* XCTest.framework in Frameworks */,
				8CB1AF2C181AB3B2008E0D53 /* UIKit.framework in Frameworks */,
				8CB1AF2B181AB3B2008E0D53 /* Foundation.framework in Frameworks */,
			);
			runOnlyForDeploymentPostprocessing = 0;
		};
		8CF299BE1821B29700428BA5 /* Frameworks */ = {
			isa = PBXFrameworksBuildPhase;
			buildActionMask = 2147483647;
			files = (
				8CAE872718228546006CD8AC /* libOSX NotifierCore.a in Frameworks */,
				8CF29A221821B37C00428BA5 /* IOBluetoothUI.framework in Frameworks */,
				8CF29A211821B36F00428BA5 /* IOBluetooth.framework in Frameworks */,
				8CF299C31821B29700428BA5 /* Cocoa.framework in Frameworks */,
			);
			runOnlyForDeploymentPostprocessing = 0;
		};
		8CF299E01821B29700428BA5 /* Frameworks */ = {
			isa = PBXFrameworksBuildPhase;
			buildActionMask = 2147483647;
			files = (
				8CF299E51821B29700428BA5 /* Cocoa.framework in Frameworks */,
				8CF299E41821B29700428BA5 /* XCTest.framework in Frameworks */,
			);
			runOnlyForDeploymentPostprocessing = 0;
		};
		8CF29A261821B53C00428BA5 /* Frameworks */ = {
			isa = PBXFrameworksBuildPhase;
			buildActionMask = 2147483647;
			files = (
				8CF29A451821BD0B00428BA5 /* CFNetwork.framework in Frameworks */,
				8CF29A431821BD0200428BA5 /* CoreLocation.framework in Frameworks */,
				8CF29A341821B59800428BA5 /* IOBluetoothUI.framework in Frameworks */,
				8CF29A331821B59000428BA5 /* IOBluetooth.framework in Frameworks */,
				8CF29A2A1821B53C00428BA5 /* Foundation.framework in Frameworks */,
			);
			runOnlyForDeploymentPostprocessing = 0;
		};
/* End PBXFrameworksBuildPhase section */

/* Begin PBXGroup section */
		8C237EA5182BFD23008E0D16 /* App */ = {
			isa = PBXGroup;
			children = (
			);
			path = App;
			sourceTree = "<group>";
		};
		8C237EA6182BFD23008E0D16 /* Common */ = {
			isa = PBXGroup;
			children = (
				8C237EA7182BFD23008E0D16 /* Categories */,
				8C237EA9182BFD23008E0D16 /* Common.h */,
				8C237EAA182BFD23008E0D16 /* CommonMacros */,
			);
			path = Common;
			sourceTree = "<group>";
		};
		8C237EA7182BFD23008E0D16 /* Categories */ = {
			isa = PBXGroup;
			children = (
				8C237EA8182BFD23008E0D16 /* Categories.h */,
			);
			path = Categories;
			sourceTree = "<group>";
		};
		8C237EAA182BFD23008E0D16 /* CommonMacros */ = {
			isa = PBXGroup;
			children = (
				8C237EAB182BFD23008E0D16 /* Macros.h */,
				8C237EAC182BFD23008E0D16 /* VariosMacros.h */,
			);
			path = CommonMacros;
			sourceTree = "<group>";
		};
		8C36FFE117F4C6E4004860B5 = {
			isa = PBXGroup;
			children = (
				8CAE84AF18227B8B006CD8AC /* Application */,
				8CAE84F118227B8C006CD8AC /* Core */,
				8CAE850418227B8C006CD8AC /* Library */,
				8C36FFEC17F4C6E4004860B5 /* Frameworks */,
				8C36FFEB17F4C6E4004860B5 /* Products */,
			);
			sourceTree = "<group>";
		};
		8C36FFEB17F4C6E4004860B5 /* Products */ = {
			isa = PBXGroup;
			children = (
				8C36FFEA17F4C6E4004860B5 /* BLENotifier.app */,
				8C36000E17F4C6E4004860B5 /* BLENotifierTests.xctest */,
				8CB1AF1C181AB3B2008E0D53 /* libNotifierCore.a */,
				8CB1AF29181AB3B2008E0D53 /* NotifierCoreTests.xctest */,
				8CF299C11821B29700428BA5 /* OSX BLENotifier.app */,
				8CF299E31821B29700428BA5 /* OSX BLENotifierTests.xctest */,
				8CF29A301821B53C00428BA5 /* libOSX NotifierCore.a */,
				8CAE846918227A91006CD8AC /* libOSXLibrary.a */,
				8CAE847518227A91006CD8AC /* OSXLibraryTests.xctest */,
				8CAE848D18227AAB006CD8AC /* libIOSLibrary.a */,
				8CAE849A18227AAB006CD8AC /* IOSLibraryTests.xctest */,
			);
			name = Products;
			sourceTree = "<group>";
		};
		8C36FFEC17F4C6E4004860B5 /* Frameworks */ = {
			isa = PBXGroup;
			children = (
				8CF29A441821BD0B00428BA5 /* CFNetwork.framework */,
				8CF29A421821BD0200428BA5 /* CoreLocation.framework */,
				8CF29A191821B32200428BA5 /* IOBluetooth.framework */,
				8CF29A171821B31A00428BA5 /* IOBluetoothUI.framework */,
				8CAD2E61181ED28F007C5743 /* CoreLocation.framework */,
				8CDD83FE181AFBFB00088864 /* CFNetwork.framework */,
				8CB1AF3E181AB955008E0D53 /* CoreBluetooth.framework */,
				8C36FFED17F4C6E4004860B5 /* Foundation.framework */,
				8C36FFEF17F4C6E4004860B5 /* CoreGraphics.framework */,
				8C36FFF117F4C6E4004860B5 /* UIKit.framework */,
				8C36000F17F4C6E4004860B5 /* XCTest.framework */,
				8CF299C21821B29700428BA5 /* Cocoa.framework */,
				8CF299F81821B29700428BA5 /* CoreServices.framework */,
				8CF299FA1821B29700428BA5 /* CoreFoundation.framework */,
				8CF299FC1821B29700428BA5 /* CoreData.framework */,
				8CF299C41821B29700428BA5 /* Other Frameworks */,
			);
			name = Frameworks;
			sourceTree = "<group>";
		};
		8CAE84AF18227B8B006CD8AC /* Application */ = {
			isa = PBXGroup;
			children = (
				8CAE84B018227B8B006CD8AC /* BLENotifier */,
				8CAE84CE18227B8B006CD8AC /* BLENotifierTests */,
				8CAE84D318227B8B006CD8AC /* OSX BLENotifier */,
				8CAE84EC18227B8C006CD8AC /* OSX BLENotifierTests */,
			);
			path = Application;
			sourceTree = "<group>";
		};
		8CAE84B018227B8B006CD8AC /* BLENotifier */ = {
			isa = PBXGroup;
			children = (
				8CAE84B118227B8B006CD8AC /* App */,
				8CAE84B418227B8B006CD8AC /* AppDelegate.h */,
				8CAE84B518227B8B006CD8AC /* AppDelegate.m */,
				8CAE84B618227B8B006CD8AC /* BLENotifier-Info.plist */,
				8CAE84B718227B8B006CD8AC /* BLENotifier-Prefix.pch */,
				8CAE84B818227B8B006CD8AC /* Common */,
				8CAE84C318227B8B006CD8AC /* InfoPlist.strings */,
				8CAE84C518227B8B006CD8AC /* Images.xcassets */,
				8CAE84C618227B8B006CD8AC /* main.m */,
				8CAE84C718227B8B006CD8AC /* Resources */,
			);
			path = BLENotifier;
			sourceTree = "<group>";
		};
		8CAE84B118227B8B006CD8AC /* App */ = {
			isa = PBXGroup;
			children = (
				8CAE84B218227B8B006CD8AC /* RootController.h */,
				8CAE84B318227B8B006CD8AC /* RootController.m */,
			);
			path = App;
			sourceTree = "<group>";
		};
		8CAE84B818227B8B006CD8AC /* Common */ = {
			isa = PBXGroup;
			children = (
				8CAE84B918227B8B006CD8AC /* Categories */,
				8CAE84BD18227B8B006CD8AC /* Common.h */,
				8CAE84BE18227B8B006CD8AC /* CommonMacros */,
			);
			path = Common;
			sourceTree = "<group>";
		};
		8CAE84B918227B8B006CD8AC /* Categories */ = {
			isa = PBXGroup;
			children = (
				8CAE84BA18227B8B006CD8AC /* Categories.h */,
				8CAE84BB18227B8B006CD8AC /* UILabel+Custom.h */,
				8CAE84BC18227B8B006CD8AC /* UILabel+Custom.m */,
				8C852AE1182818C7008F041C /* UIAlertView+Extensions.h */,
				8C852AE2182818C7008F041C /* UIAlertView+Extensions.m */,
			);
			path = Categories;
			sourceTree = "<group>";
		};
		8CAE84BE18227B8B006CD8AC /* CommonMacros */ = {
			isa = PBXGroup;
			children = (
				8CAE84BF18227B8B006CD8AC /* CommonFont.h */,
				8CAE84C018227B8B006CD8AC /* CommonFont.m */,
				8CAE84C218227B8B006CD8AC /* VariosMacros.h */,
				8CAE84C118227B8B006CD8AC /* Macros.h */,
			);
			path = CommonMacros;
			sourceTree = "<group>";
		};
		8CAE84C718227B8B006CD8AC /* Resources */ = {
			isa = PBXGroup;
			children = (
				8CAE84C818227B8B006CD8AC /* font */,
				8CAE84CD18227B8B006CD8AC /* images */,
			);
			path = Resources;
			sourceTree = "<group>";
		};
		8CAE84C818227B8B006CD8AC /* font */ = {
			isa = PBXGroup;
			children = (
				8CAE84C918227B8B006CD8AC /* Apache License.txt */,
				8CAE84CA18227B8B006CD8AC /* OpenSans-CondBold.ttf */,
				8CAE84CB18227B8B006CD8AC /* OpenSans-CondLight.ttf */,
				8CAE84CC18227B8B006CD8AC /* OpenSans-CondLightItalic.ttf */,
			);
			path = font;
			sourceTree = "<group>";
		};
		8CAE84CD18227B8B006CD8AC /* images */ = {
			isa = PBXGroup;
			children = (
			);
			path = images;
			sourceTree = "<group>";
		};
		8CAE84CE18227B8B006CD8AC /* BLENotifierTests */ = {
			isa = PBXGroup;
			children = (
				8CAE84CF18227B8B006CD8AC /* BLENotifierTests-Info.plist */,
				8CAE84D018227B8B006CD8AC /* BLENotifierTests.m */,
				8CAE84D118227B8B006CD8AC /* InfoPlist.strings */,
			);
			path = BLENotifierTests;
			sourceTree = "<group>";
		};
		8CAE84D318227B8B006CD8AC /* OSX BLENotifier */ = {
			isa = PBXGroup;
			children = (
				8C237EA5182BFD23008E0D16 /* App */,
				8C237EA6182BFD23008E0D16 /* Common */,
				8CAE84D418227B8C006CD8AC /* AppDelegate.h */,
				8CAE84D518227B8C006CD8AC /* AppDelegate.m */,
				8CAE84D618227B8C006CD8AC /* MainMenu.xib */,
				8CAE84D818227B8C006CD8AC /* Credits.rtf */,
				8CAE84DA18227B8C006CD8AC /* InfoPlist.strings */,
				8CAE84DC18227B8C006CD8AC /* Images.xcassets */,
				8CAE84DD18227B8C006CD8AC /* main.m */,
				8CAE84DE18227B8C006CD8AC /* OSX BLENotifier-Info.plist */,
				8CAE84DF18227B8C006CD8AC /* OSX BLENotifier-Prefix.pch */,
				8CAE84E018227B8C006CD8AC /* OSX_BLENotifier.xcdatamodeld */,
			);
			path = "OSX BLENotifier";
			sourceTree = "<group>";
		};
		8CAE84EC18227B8C006CD8AC /* OSX BLENotifierTests */ = {
			isa = PBXGroup;
			children = (
				8CAE84ED18227B8C006CD8AC /* InfoPlist.strings */,
				8CAE84EF18227B8C006CD8AC /* OSX BLENotifierTests-Info.plist */,
				8CAE84F018227B8C006CD8AC /* OSX_BLENotifierTests.m */,
			);
			path = "OSX BLENotifierTests";
			sourceTree = "<group>";
		};
		8CAE84F118227B8C006CD8AC /* Core */ = {
			isa = PBXGroup;
			children = (
				8CAE86F4182282FF006CD8AC /* NotifierCore */,
				8CAE870318228328006CD8AC /* NotifierCoreTests */,
			);
			path = Core;
			sourceTree = "<group>";
		};
		8CAE850418227B8C006CD8AC /* Library */ = {
			isa = PBXGroup;
			children = (
				8C852ADF18280601008F041C /* Library.h */,
				8CAE870B18228339006CD8AC /* IOSLibrary */,
				8CAE871018228344006CD8AC /* IOSLibraryTests */,
				8CAE871818228352006CD8AC /* OSXLibrary */,
				8CAE871F1822835F006CD8AC /* OSXLibraryTests */,
			);
			path = Library;
			sourceTree = "<group>";
		};
		8CAE86F4182282FF006CD8AC /* NotifierCore */ = {
			isa = PBXGroup;
			children = (
				8CAE86F5182282FF006CD8AC /* Classes */,
				8CAE86FD182282FF006CD8AC /* NotifierCore.h */,
				8CAE86FE182282FF006CD8AC /* NotifierCore.m */,
				8CAE86FC182282FF006CD8AC /* IOS-NotifierCore-Prefix.pch */,
				8CAE86FF182282FF006CD8AC /* OSX-NotifierCore-Prefix.pch */,
			);
			path = NotifierCore;
			sourceTree = "<group>";
		};
		8CAE86F5182282FF006CD8AC /* Classes */ = {
			isa = PBXGroup;
			children = (
				8CAE86F6182282FF006CD8AC /* IOS */,
				8CAE86F9182282FF006CD8AC /* OSX */,
			);
			path = Classes;
			sourceTree = "<group>";
		};
		8CAE86F6182282FF006CD8AC /* IOS */ = {
			isa = PBXGroup;
			children = (
				8CAE86F7182282FF006CD8AC /* CoreIOS.h */,
				8CAE86F8182282FF006CD8AC /* CoreIOS.m */,
			);
			path = IOS;
			sourceTree = "<group>";
		};
		8CAE86F9182282FF006CD8AC /* OSX */ = {
			isa = PBXGroup;
			children = (
				8CAE86FA182282FF006CD8AC /* CoreOSX.h */,
				8CAE86FB182282FF006CD8AC /* CoreOSX.m */,
			);
			path = OSX;
			sourceTree = "<group>";
		};
		8CAE870318228328006CD8AC /* NotifierCoreTests */ = {
			isa = PBXGroup;
			children = (
				8CAE870418228328006CD8AC /* InfoPlist.strings */,
				8CAE870618228328006CD8AC /* NotifierCoreTests-Info.plist */,
				8CAE870718228328006CD8AC /* NotifierCoreTests.m */,
			);
			path = NotifierCoreTests;
			sourceTree = "<group>";
		};
		8CAE870B18228339006CD8AC /* IOSLibrary */ = {
			isa = PBXGroup;
			children = (
				8CAE870C18228339006CD8AC /* IOSLibrary-Prefix.pch */,
				8CAE870E18228339006CD8AC /* IOSLibrary.m */,
			);
			path = IOSLibrary;
			sourceTree = "<group>";
		};
		8CAE871018228344006CD8AC /* IOSLibraryTests */ = {
			isa = PBXGroup;
			children = (
				8CAE871118228344006CD8AC /* InfoPlist.strings */,
				8CAE871318228344006CD8AC /* IOSLibraryTests-Info.plist */,
				8CAE871418228344006CD8AC /* IOSLibraryTests.m */,
			);
			path = IOSLibraryTests;
			sourceTree = "<group>";
		};
		8CAE871818228352006CD8AC /* OSXLibrary */ = {
			isa = PBXGroup;
			children = (
				8CAE871918228352006CD8AC /* OSXLibrary-Prefix.pch */,
				8CAE871B18228352006CD8AC /* OSXLibrary.m */,
			);
			path = OSXLibrary;
			sourceTree = "<group>";
		};
		8CAE871F1822835F006CD8AC /* OSXLibraryTests */ = {
			isa = PBXGroup;
			children = (
				8CAE87201822835F006CD8AC /* InfoPlist.strings */,
				8CAE87221822835F006CD8AC /* OSXLibraryTests-Info.plist */,
				8CAE87231822835F006CD8AC /* OSXLibraryTests.m */,
			);
			path = OSXLibraryTests;
			sourceTree = "<group>";
		};
		8CF299C41821B29700428BA5 /* Other Frameworks */ = {
			isa = PBXGroup;
			children = (
				8CF299C51821B29700428BA5 /* AppKit.framework */,
				8CF299C61821B29700428BA5 /* CoreData.framework */,
				8CF299C71821B29700428BA5 /* Foundation.framework */,
			);
			name = "Other Frameworks";
			sourceTree = "<group>";
		};
/* End PBXGroup section */

/* Begin PBXHeadersBuildPhase section */
		8CAE846718227A91006CD8AC /* Headers */ = {
			isa = PBXHeadersBuildPhase;
			buildActionMask = 2147483647;
			files = (
				8CAE851618227B8C006CD8AC /* RootController.h in Headers */,
				8CAE871C18228352006CD8AC /* OSXLibrary-Prefix.pch in Headers */,
				8C852AE3182818C7008F041C /* UIAlertView+Extensions.h in Headers */,
				8C852AE018280601008F041C /* Library.h in Headers */,
				8CAE852318227B8C006CD8AC /* AppDelegate.h in Headers */,
			);
			runOnlyForDeploymentPostprocessing = 0;
		};
/* End PBXHeadersBuildPhase section */

/* Begin PBXNativeTarget section */
		8C36000D17F4C6E4004860B5 /* BLENotifierTests */ = {
			isa = PBXNativeTarget;
			buildConfigurationList = 8C36002217F4C6E4004860B5 /* Build configuration list for PBXNativeTarget "BLENotifierTests" */;
			buildPhases = (
				8C36000A17F4C6E4004860B5 /* Sources */,
				8C36000B17F4C6E4004860B5 /* Frameworks */,
				8C36000C17F4C6E4004860B5 /* Resources */,
			);
			buildRules = (
			);
			dependencies = (
				8C36001417F4C6E4004860B5 /* PBXTargetDependency */,
			);
			name = BLENotifierTests;
			productName = BLENotifierTests;
			productReference = 8C36000E17F4C6E4004860B5 /* BLENotifierTests.xctest */;
			productType = "com.apple.product-type.bundle.unit-test";
		};
		8C36FFE917F4C6E4004860B5 /* BLENotifier */ = {
			isa = PBXNativeTarget;
			buildConfigurationList = 8C36001F17F4C6E4004860B5 /* Build configuration list for PBXNativeTarget "BLENotifier" */;
			buildPhases = (
				8C36FFE617F4C6E4004860B5 /* Sources */,
				8C36FFE717F4C6E4004860B5 /* Frameworks */,
				8C36FFE817F4C6E4004860B5 /* Resources */,
			);
			buildRules = (
			);
			dependencies = (
				8CB1AF44181AF418008E0D53 /* PBXTargetDependency */,
			);
			name = BLENotifier;
			productName = BLENotifier;
			productReference = 8C36FFEA17F4C6E4004860B5 /* BLENotifier.app */;
			productType = "com.apple.product-type.application";
		};
		8CAE846818227A91006CD8AC /* OSXLibrary */ = {
			isa = PBXNativeTarget;
			buildConfigurationList = 8CAE848318227A91006CD8AC /* Build configuration list for PBXNativeTarget "OSXLibrary" */;
			buildPhases = (
				8CAE846518227A91006CD8AC /* Sources */,
				8CAE846618227A91006CD8AC /* Frameworks */,
				8CAE846718227A91006CD8AC /* Headers */,
			);
			buildRules = (
			);
			dependencies = (
			);
			name = OSXLibrary;
			productName = OSXLibrary;
			productReference = 8CAE846918227A91006CD8AC /* libOSXLibrary.a */;
			productType = "com.apple.product-type.library.static";
		};
		8CAE847418227A91006CD8AC /* OSXLibraryTests */ = {
			isa = PBXNativeTarget;
			buildConfigurationList = 8CAE848618227A91006CD8AC /* Build configuration list for PBXNativeTarget "OSXLibraryTests" */;
			buildPhases = (
				8CAE847118227A91006CD8AC /* Sources */,
				8CAE847218227A91006CD8AC /* Frameworks */,
				8CAE847318227A91006CD8AC /* Resources */,
			);
			buildRules = (
			);
			dependencies = (
				8CAE847918227A91006CD8AC /* PBXTargetDependency */,
			);
			name = OSXLibraryTests;
			productName = OSXLibraryTests;
			productReference = 8CAE847518227A91006CD8AC /* OSXLibraryTests.xctest */;
			productType = "com.apple.product-type.bundle.unit-test";
		};
		8CAE848C18227AAA006CD8AC /* IOSLibrary */ = {
			isa = PBXNativeTarget;
			buildConfigurationList = 8CAE84A918227AAC006CD8AC /* Build configuration list for PBXNativeTarget "IOSLibrary" */;
			buildPhases = (
				8CAE848918227AAA006CD8AC /* Sources */,
				8CAE848A18227AAA006CD8AC /* Frameworks */,
				8CAE848B18227AAA006CD8AC /* CopyFiles */,
			);
			buildRules = (
			);
			dependencies = (
			);
			name = IOSLibrary;
			productName = IOSLibrary;
			productReference = 8CAE848D18227AAB006CD8AC /* libIOSLibrary.a */;
			productType = "com.apple.product-type.library.static";
		};
		8CAE849918227AAB006CD8AC /* IOSLibraryTests */ = {
			isa = PBXNativeTarget;
			buildConfigurationList = 8CAE84AC18227AAC006CD8AC /* Build configuration list for PBXNativeTarget "IOSLibraryTests" */;
			buildPhases = (
				8CAE849618227AAB006CD8AC /* Sources */,
				8CAE849718227AAB006CD8AC /* Frameworks */,
				8CAE849818227AAB006CD8AC /* Resources */,
			);
			buildRules = (
			);
			dependencies = (
				8CAE849F18227AAB006CD8AC /* PBXTargetDependency */,
			);
			name = IOSLibraryTests;
			productName = IOSLibraryTests;
			productReference = 8CAE849A18227AAB006CD8AC /* IOSLibraryTests.xctest */;
			productType = "com.apple.product-type.bundle.unit-test";
		};
		8CB1AF1B181AB3B2008E0D53 /* NotifierCore */ = {
			isa = PBXNativeTarget;
			buildConfigurationList = 8CB1AF38181AB3B2008E0D53 /* Build configuration list for PBXNativeTarget "NotifierCore" */;
			buildPhases = (
				8CB1AF18181AB3B2008E0D53 /* Sources */,
				8CB1AF19181AB3B2008E0D53 /* Frameworks */,
				8CB1AF1A181AB3B2008E0D53 /* CopyFiles */,
			);
			buildRules = (
			);
			dependencies = (
			);
			name = NotifierCore;
			productName = NotifierCore;
			productReference = 8CB1AF1C181AB3B2008E0D53 /* libNotifierCore.a */;
			productType = "com.apple.product-type.library.static";
		};
		8CB1AF28181AB3B2008E0D53 /* NotifierCoreTests */ = {
			isa = PBXNativeTarget;
			buildConfigurationList = 8CB1AF3B181AB3B2008E0D53 /* Build configuration list for PBXNativeTarget "NotifierCoreTests" */;
			buildPhases = (
				8CB1AF25181AB3B2008E0D53 /* Sources */,
				8CB1AF26181AB3B2008E0D53 /* Frameworks */,
				8CB1AF27181AB3B2008E0D53 /* Resources */,
			);
			buildRules = (
			);
			dependencies = (
				8CB1AF2E181AB3B2008E0D53 /* PBXTargetDependency */,
			);
			name = NotifierCoreTests;
			productName = NotifierCoreTests;
			productReference = 8CB1AF29181AB3B2008E0D53 /* NotifierCoreTests.xctest */;
			productType = "com.apple.product-type.bundle.unit-test";
		};
		8CF299C01821B29700428BA5 /* OSX BLENotifier */ = {
			isa = PBXNativeTarget;
			buildConfigurationList = 8CF29A151821B29800428BA5 /* Build configuration list for PBXNativeTarget "OSX BLENotifier" */;
			buildPhases = (
				8CF299BD1821B29700428BA5 /* Sources */,
				8CF299BE1821B29700428BA5 /* Frameworks */,
				8CF299BF1821B29700428BA5 /* Resources */,
			);
			buildRules = (
			);
			dependencies = (
				8CF29A321821B56900428BA5 /* PBXTargetDependency */,
			);
			name = "OSX BLENotifier";
			productName = "OSX BLENotifier";
			productReference = 8CF299C11821B29700428BA5 /* OSX BLENotifier.app */;
			productType = "com.apple.product-type.application";
		};
		8CF299E21821B29700428BA5 /* OSX BLENotifierTests */ = {
			isa = PBXNativeTarget;
			buildConfigurationList = 8CF29A161821B29800428BA5 /* Build configuration list for PBXNativeTarget "OSX BLENotifierTests" */;
			buildPhases = (
				8CF299DF1821B29700428BA5 /* Sources */,
				8CF299E01821B29700428BA5 /* Frameworks */,
				8CF299E11821B29700428BA5 /* Resources */,
			);
			buildRules = (
			);
			dependencies = (
				8CF299E71821B29700428BA5 /* PBXTargetDependency */,
			);
			name = "OSX BLENotifierTests";
			productName = "OSX BLENotifierTests";
			productReference = 8CF299E31821B29700428BA5 /* OSX BLENotifierTests.xctest */;
			productType = "com.apple.product-type.bundle.unit-test";
		};
		8CF29A231821B53C00428BA5 /* OSX NotifierCore */ = {
			isa = PBXNativeTarget;
			buildConfigurationList = 8CF29A2D1821B53C00428BA5 /* Build configuration list for PBXNativeTarget "OSX NotifierCore" */;
			buildPhases = (
				8CF29A241821B53C00428BA5 /* Sources */,
				8CF29A261821B53C00428BA5 /* Frameworks */,
				8CF29A2B1821B53C00428BA5 /* CopyFiles */,
			);
			buildRules = (
			);
			dependencies = (
			);
			name = "OSX NotifierCore";
			productName = NotifierCore;
			productReference = 8CF29A301821B53C00428BA5 /* libOSX NotifierCore.a */;
			productType = "com.apple.product-type.library.static";
		};
/* End PBXNativeTarget section */

/* Begin PBXProject section */
		8C36FFE217F4C6E4004860B5 /* Project object */ = {
			isa = PBXProject;
			attributes = {
				LastUpgradeCheck = 0500;
				ORGANIZATIONNAME = "Michal Binovsky";
				TargetAttributes = {
					8C36000D17F4C6E4004860B5 = {
						TestTargetID = 8C36FFE917F4C6E4004860B5;
					};
					8CAE847418227A91006CD8AC = {
						TestTargetID = 8C36FFE917F4C6E4004860B5;
					};
					8CAE849918227AAB006CD8AC = {
						TestTargetID = 8C36FFE917F4C6E4004860B5;
					};
					8CB1AF28181AB3B2008E0D53 = {
						TestTargetID = 8C36FFE917F4C6E4004860B5;
					};
					8CF299E21821B29700428BA5 = {
						TestTargetID = 8C36FFE917F4C6E4004860B5;
					};
				};
			};
			buildConfigurationList = 8C36FFE517F4C6E4004860B5 /* Build configuration list for PBXProject "BLENotifier" */;
			compatibilityVersion = "Xcode 3.2";
			developmentRegion = English;
			hasScannedForEncodings = 0;
			knownRegions = (
				en,
				Base,
			);
			mainGroup = 8C36FFE117F4C6E4004860B5;
			productRefGroup = 8C36FFEB17F4C6E4004860B5 /* Products */;
			projectDirPath = "";
			projectRoot = "";
			targets = (
				8C36FFE917F4C6E4004860B5 /* BLENotifier */,
				8CB1AF1B181AB3B2008E0D53 /* NotifierCore */,
				8CAE848C18227AAA006CD8AC /* IOSLibrary */,
				8C36000D17F4C6E4004860B5 /* BLENotifierTests */,
				8CB1AF28181AB3B2008E0D53 /* NotifierCoreTests */,
				8CAE849918227AAB006CD8AC /* IOSLibraryTests */,
				8CF299C01821B29700428BA5 /* OSX BLENotifier */,
				8CF29A231821B53C00428BA5 /* OSX NotifierCore */,
				8CAE846818227A91006CD8AC /* OSXLibrary */,
				8CF299E21821B29700428BA5 /* OSX BLENotifierTests */,
				8CAE847418227A91006CD8AC /* OSXLibraryTests */,
			);
		};
/* End PBXProject section */

/* Begin PBXResourcesBuildPhase section */
		8C36000C17F4C6E4004860B5 /* Resources */ = {
			isa = PBXResourcesBuildPhase;
			buildActionMask = 2147483647;
			files = (
				8CAE859418227B8C006CD8AC /* BLENotifierTests-Info.plist in Resources */,
				8CAE85A818227B8C006CD8AC /* InfoPlist.strings in Resources */,
			);
			runOnlyForDeploymentPostprocessing = 0;
		};
		8C36FFE817F4C6E4004860B5 /* Resources */ = {
			isa = PBXResourcesBuildPhase;
			buildActionMask = 2147483647;
			files = (
				8CAE855F18227B8C006CD8AC /* Images.xcassets in Resources */,
				8CAE857318227B8C006CD8AC /* Apache License.txt in Resources */,
				8CAE858318227B8C006CD8AC /* OpenSans-CondLight.ttf in Resources */,
				8CAE857B18227B8C006CD8AC /* OpenSans-CondBold.ttf in Resources */,
				8CAE853018227B8C006CD8AC /* BLENotifier-Info.plist in Resources */,
				8CAE855718227B8C006CD8AC /* InfoPlist.strings in Resources */,
				8CAE858B18227B8C006CD8AC /* OpenSans-CondLightItalic.ttf in Resources */,
			);
			runOnlyForDeploymentPostprocessing = 0;
		};
		8CAE847318227A91006CD8AC /* Resources */ = {
			isa = PBXResourcesBuildPhase;
			buildActionMask = 2147483647;
			files = (
				8CAE87241822835F006CD8AC /* InfoPlist.strings in Resources */,
				8CAE87251822835F006CD8AC /* OSXLibraryTests-Info.plist in Resources */,
			);
			runOnlyForDeploymentPostprocessing = 0;
		};
		8CAE849818227AAB006CD8AC /* Resources */ = {
			isa = PBXResourcesBuildPhase;
			buildActionMask = 2147483647;
			files = (
				8CAE871518228344006CD8AC /* InfoPlist.strings in Resources */,
				8CAE871618228344006CD8AC /* IOSLibraryTests-Info.plist in Resources */,
			);
			runOnlyForDeploymentPostprocessing = 0;
		};
		8CB1AF27181AB3B2008E0D53 /* Resources */ = {
			isa = PBXResourcesBuildPhase;
			buildActionMask = 2147483647;
			files = (
				8CAE870818228328006CD8AC /* InfoPlist.strings in Resources */,
				8CAE870918228328006CD8AC /* NotifierCoreTests-Info.plist in Resources */,
			);
			runOnlyForDeploymentPostprocessing = 0;
		};
		8CF299BF1821B29700428BA5 /* Resources */ = {
			isa = PBXResourcesBuildPhase;
			buildActionMask = 2147483647;
			files = (
				8CAE85EB18227B8C006CD8AC /* OSX BLENotifier-Info.plist in Resources */,
				8CAE85CF18227B8C006CD8AC /* InfoPlist.strings in Resources */,
				8CAE85BF18227B8C006CD8AC /* MainMenu.xib in Resources */,
				8CAE85C718227B8C006CD8AC /* Credits.rtf in Resources */,
				8CAE85D718227B8C006CD8AC /* Images.xcassets in Resources */,
			);
			runOnlyForDeploymentPostprocessing = 0;
		};
		8CF299E11821B29700428BA5 /* Resources */ = {
			isa = PBXResourcesBuildPhase;
			buildActionMask = 2147483647;
			files = (
				8CAE864718227B8C006CD8AC /* OSX BLENotifierTests-Info.plist in Resources */,
				8CAE86F318228222006CD8AC /* InfoPlist.strings in Resources */,
			);
			runOnlyForDeploymentPostprocessing = 0;
		};
/* End PBXResourcesBuildPhase section */

/* Begin PBXSourcesBuildPhase section */
		8C36000A17F4C6E4004860B5 /* Sources */ = {
			isa = PBXSourcesBuildPhase;
			buildActionMask = 2147483647;
			files = (
				8CAE859C18227B8C006CD8AC /* BLENotifierTests.m in Sources */,
			);
			runOnlyForDeploymentPostprocessing = 0;
		};
		8C36FFE617F4C6E4004860B5 /* Sources */ = {
			isa = PBXSourcesBuildPhase;
			buildActionMask = 2147483647;
			files = (
				8CAE856718227B8C006CD8AC /* main.m in Sources */,
				8CAE852418227B8C006CD8AC /* AppDelegate.m in Sources */,
				8CAE853B18227B8C006CD8AC /* UILabel+Custom.m in Sources */,
				8CAE851718227B8C006CD8AC /* RootController.m in Sources */,
				8CAE854918227B8C006CD8AC /* CommonFont.m in Sources */,
				8C852AE4182818C7008F041C /* UIAlertView+Extensions.m in Sources */,
			);
			runOnlyForDeploymentPostprocessing = 0;
		};
		8CAE846518227A91006CD8AC /* Sources */ = {
			isa = PBXSourcesBuildPhase;
			buildActionMask = 2147483647;
			files = (
				8CAE871E18228352006CD8AC /* OSXLibrary.m in Sources */,
				8C852AE5182818C7008F041C /* UIAlertView+Extensions.m in Sources */,
			);
			runOnlyForDeploymentPostprocessing = 0;
		};
		8CAE847118227A91006CD8AC /* Sources */ = {
			isa = PBXSourcesBuildPhase;
			buildActionMask = 2147483647;
			files = (
				8CAE87261822835F006CD8AC /* OSXLibraryTests.m in Sources */,
			);
			runOnlyForDeploymentPostprocessing = 0;
		};
		8CAE848918227AAA006CD8AC /* Sources */ = {
			isa = PBXSourcesBuildPhase;
			buildActionMask = 2147483647;
			files = (
				8CAE870F18228339006CD8AC /* IOSLibrary.m in Sources */,
			);
			runOnlyForDeploymentPostprocessing = 0;
		};
		8CAE849618227AAB006CD8AC /* Sources */ = {
			isa = PBXSourcesBuildPhase;
			buildActionMask = 2147483647;
			files = (
				8CAE871718228344006CD8AC /* IOSLibraryTests.m in Sources */,
			);
			runOnlyForDeploymentPostprocessing = 0;
		};
		8CB1AF18181AB3B2008E0D53 /* Sources */ = {
			isa = PBXSourcesBuildPhase;
			buildActionMask = 2147483647;
			files = (
				8CAE8702182282FF006CD8AC /* NotifierCore.m in Sources */,
				8CAE8700182282FF006CD8AC /* CoreIOS.m in Sources */,
			);
			runOnlyForDeploymentPostprocessing = 0;
		};
		8CB1AF25181AB3B2008E0D53 /* Sources */ = {
			isa = PBXSourcesBuildPhase;
			buildActionMask = 2147483647;
			files = (
				8CAE870A18228328006CD8AC /* NotifierCoreTests.m in Sources */,
			);
			runOnlyForDeploymentPostprocessing = 0;
		};
		8CF299BD1821B29700428BA5 /* Sources */ = {
			isa = PBXSourcesBuildPhase;
			buildActionMask = 2147483647;
			files = (
				8CAE85F518227B8C006CD8AC /* OSX_BLENotifier.xcdatamodeld in Sources */,
				8CAE85E018227B8C006CD8AC /* main.m in Sources */,
				8CAE85B418227B8C006CD8AC /* AppDelegate.m in Sources */,
			);
			runOnlyForDeploymentPostprocessing = 0;
		};
		8CF299DF1821B29700428BA5 /* Sources */ = {
			isa = PBXSourcesBuildPhase;
			buildActionMask = 2147483647;
			files = (
				8CAE865018227B8C006CD8AC /* OSX_BLENotifierTests.m in Sources */,
			);
			runOnlyForDeploymentPostprocessing = 0;
		};
		8CF29A241821B53C00428BA5 /* Sources */ = {
			isa = PBXSourcesBuildPhase;
			buildActionMask = 2147483647;
			files = (
				8CAE872918228850006CD8AC /* NotifierCore.m in Sources */,
				8CAE872818228574006CD8AC /* CoreOSX.m in Sources */,
			);
			runOnlyForDeploymentPostprocessing = 0;
		};
/* End PBXSourcesBuildPhase section */

/* Begin PBXTargetDependency section */
		8C36001417F4C6E4004860B5 /* PBXTargetDependency */ = {
			isa = PBXTargetDependency;
			target = 8C36FFE917F4C6E4004860B5 /* BLENotifier */;
			targetProxy = 8C36001317F4C6E4004860B5 /* PBXContainerItemProxy */;
		};
		8CAE847918227A91006CD8AC /* PBXTargetDependency */ = {
			isa = PBXTargetDependency;
			target = 8CAE846818227A91006CD8AC /* OSXLibrary */;
			targetProxy = 8CAE847818227A91006CD8AC /* PBXContainerItemProxy */;
		};
		8CAE849F18227AAB006CD8AC /* PBXTargetDependency */ = {
			isa = PBXTargetDependency;
			target = 8CAE848C18227AAA006CD8AC /* IOSLibrary */;
			targetProxy = 8CAE849E18227AAB006CD8AC /* PBXContainerItemProxy */;
		};
		8CB1AF2E181AB3B2008E0D53 /* PBXTargetDependency */ = {
			isa = PBXTargetDependency;
			target = 8CB1AF1B181AB3B2008E0D53 /* NotifierCore */;
			targetProxy = 8CB1AF2D181AB3B2008E0D53 /* PBXContainerItemProxy */;
		};
		8CB1AF44181AF418008E0D53 /* PBXTargetDependency */ = {
			isa = PBXTargetDependency;
			target = 8CB1AF1B181AB3B2008E0D53 /* NotifierCore */;
			targetProxy = 8CB1AF43181AF418008E0D53 /* PBXContainerItemProxy */;
		};
		8CF299E71821B29700428BA5 /* PBXTargetDependency */ = {
			isa = PBXTargetDependency;
			target = 8CF299C01821B29700428BA5 /* OSX BLENotifier */;
			targetProxy = 8CF299E61821B29700428BA5 /* PBXContainerItemProxy */;
		};
		8CF29A321821B56900428BA5 /* PBXTargetDependency */ = {
			isa = PBXTargetDependency;
			target = 8CF29A231821B53C00428BA5 /* OSX NotifierCore */;
			targetProxy = 8CF29A311821B56900428BA5 /* PBXContainerItemProxy */;
		};
/* End PBXTargetDependency section */

/* Begin PBXVariantGroup section */
		8CAE84C318227B8B006CD8AC /* InfoPlist.strings */ = {
			isa = PBXVariantGroup;
			children = (
				8CAE84C418227B8B006CD8AC /* en */,
			);
			name = InfoPlist.strings;
			sourceTree = "<group>";
		};
		8CAE84D118227B8B006CD8AC /* InfoPlist.strings */ = {
			isa = PBXVariantGroup;
			children = (
				8CAE84D218227B8B006CD8AC /* en */,
			);
			name = InfoPlist.strings;
			sourceTree = "<group>";
		};
		8CAE84D618227B8C006CD8AC /* MainMenu.xib */ = {
			isa = PBXVariantGroup;
			children = (
				8CAE84D718227B8C006CD8AC /* Base */,
			);
			name = MainMenu.xib;
			sourceTree = "<group>";
		};
		8CAE84D818227B8C006CD8AC /* Credits.rtf */ = {
			isa = PBXVariantGroup;
			children = (
				8CAE84D918227B8C006CD8AC /* en */,
			);
			name = Credits.rtf;
			sourceTree = "<group>";
		};
		8CAE84DA18227B8C006CD8AC /* InfoPlist.strings */ = {
			isa = PBXVariantGroup;
			children = (
				8CAE84DB18227B8C006CD8AC /* en */,
			);
			name = InfoPlist.strings;
			sourceTree = "<group>";
		};
		8CAE84ED18227B8C006CD8AC /* InfoPlist.strings */ = {
			isa = PBXVariantGroup;
			children = (
				8CAE84EE18227B8C006CD8AC /* en */,
			);
			name = InfoPlist.strings;
			sourceTree = "<group>";
		};
		8CAE870418228328006CD8AC /* InfoPlist.strings */ = {
			isa = PBXVariantGroup;
			children = (
				8CAE870518228328006CD8AC /* en */,
			);
			name = InfoPlist.strings;
			sourceTree = "<group>";
		};
		8CAE871118228344006CD8AC /* InfoPlist.strings */ = {
			isa = PBXVariantGroup;
			children = (
				8CAE871218228344006CD8AC /* en */,
			);
			name = InfoPlist.strings;
			sourceTree = "<group>";
		};
		8CAE87201822835F006CD8AC /* InfoPlist.strings */ = {
			isa = PBXVariantGroup;
			children = (
				8CAE87211822835F006CD8AC /* en */,
			);
			name = InfoPlist.strings;
			sourceTree = "<group>";
		};
/* End PBXVariantGroup section */

/* Begin XCBuildConfiguration section */
		8C36001D17F4C6E4004860B5 /* Debug */ = {
			isa = XCBuildConfiguration;
			buildSettings = {
				ALWAYS_SEARCH_USER_PATHS = NO;
				ARCHS = "$(ARCHS_STANDARD_INCLUDING_64_BIT)";
				CLANG_CXX_LANGUAGE_STANDARD = "gnu++0x";
				CLANG_CXX_LIBRARY = "libc++";
				CLANG_ENABLE_MODULES = YES;
				CLANG_ENABLE_OBJC_ARC = NO;
				CLANG_WARN_BOOL_CONVERSION = YES;
				CLANG_WARN_CONSTANT_CONVERSION = YES;
				CLANG_WARN_DIRECT_OBJC_ISA_USAGE = YES_ERROR;
				CLANG_WARN_EMPTY_BODY = YES;
				CLANG_WARN_ENUM_CONVERSION = YES;
				CLANG_WARN_INT_CONVERSION = YES;
				CLANG_WARN_OBJC_ROOT_CLASS = YES_ERROR;
				CLANG_WARN__DUPLICATE_METHOD_MATCH = YES;
				"CODE_SIGN_IDENTITY[sdk=iphoneos*]" = "iPhone Developer";
				COPY_PHASE_STRIP = NO;
				GCC_C_LANGUAGE_STANDARD = gnu99;
				GCC_DYNAMIC_NO_PIC = NO;
				GCC_OPTIMIZATION_LEVEL = 0;
				GCC_PREPROCESSOR_DEFINITIONS = (
					"DEBUG=1",
					"$(inherited)",
					_DEBUG,
				);
				"GCC_PREPROCESSOR_DEFINITIONS[sdk=iphoneos*]" = (
					"DEBUG=1",
					"$(inherited)",
					_DEBUG,
					IOS,
				);
				"GCC_PREPROCESSOR_DEFINITIONS[sdk=macosx*]" = (
					"DEBUG=1",
					"$(inherited)",
					_DEBUG,
					OSX,
				);
				GCC_SYMBOLS_PRIVATE_EXTERN = NO;
				GCC_WARN_64_TO_32_BIT_CONVERSION = YES;
				GCC_WARN_ABOUT_RETURN_TYPE = YES_ERROR;
				GCC_WARN_UNDECLARED_SELECTOR = YES;
				GCC_WARN_UNINITIALIZED_AUTOS = YES;
				GCC_WARN_UNUSED_FUNCTION = YES;
				GCC_WARN_UNUSED_VARIABLE = YES;
				HEADER_SEARCH_PATHS = (
					"$(inherited)",
					/Applications/Xcode.app/Contents/Developer/Toolchains/XcodeDefault.xctoolchain/usr/include,
					"$(SRCROOT)",
					"$(SRCROOT)/Library",
					"$(SRCROOT)/Core",
					"$(SRCROOT)/Application",
				);
				IPHONEOS_DEPLOYMENT_TARGET = 6.0;
				MACOSX_DEPLOYMENT_TARGET = 10.8;
				ONLY_ACTIVE_ARCH = YES;
				SDKROOT = iphoneos;
				TARGETED_DEVICE_FAMILY = "1,2";
			};
			name = Debug;
		};
		8C36001E17F4C6E4004860B5 /* Release */ = {
			isa = XCBuildConfiguration;
			buildSettings = {
				ALWAYS_SEARCH_USER_PATHS = NO;
				ARCHS = "$(ARCHS_STANDARD_INCLUDING_64_BIT)";
				CLANG_CXX_LANGUAGE_STANDARD = "gnu++0x";
				CLANG_CXX_LIBRARY = "libc++";
				CLANG_ENABLE_MODULES = YES;
				CLANG_ENABLE_OBJC_ARC = NO;
				CLANG_WARN_BOOL_CONVERSION = YES;
				CLANG_WARN_CONSTANT_CONVERSION = YES;
				CLANG_WARN_DIRECT_OBJC_ISA_USAGE = YES_ERROR;
				CLANG_WARN_EMPTY_BODY = YES;
				CLANG_WARN_ENUM_CONVERSION = YES;
				CLANG_WARN_INT_CONVERSION = YES;
				CLANG_WARN_OBJC_ROOT_CLASS = YES_ERROR;
				CLANG_WARN__DUPLICATE_METHOD_MATCH = YES;
				"CODE_SIGN_IDENTITY[sdk=iphoneos*]" = "iPhone Developer";
				COPY_PHASE_STRIP = YES;
				ENABLE_NS_ASSERTIONS = NO;
				GCC_C_LANGUAGE_STANDARD = gnu99;
				"GCC_PREPROCESSOR_DEFINITIONS[sdk=iphoneos*]" = IOS;
				"GCC_PREPROCESSOR_DEFINITIONS[sdk=macosx*]" = OSX;
				GCC_WARN_64_TO_32_BIT_CONVERSION = YES;
				GCC_WARN_ABOUT_RETURN_TYPE = YES_ERROR;
				GCC_WARN_UNDECLARED_SELECTOR = YES;
				GCC_WARN_UNINITIALIZED_AUTOS = YES;
				GCC_WARN_UNUSED_FUNCTION = YES;
				GCC_WARN_UNUSED_VARIABLE = YES;
				HEADER_SEARCH_PATHS = (
					"$(inherited)",
					/Applications/Xcode.app/Contents/Developer/Toolchains/XcodeDefault.xctoolchain/usr/include,
					"$(SRCROOT)",
					"$(SRCROOT)/Library",
					"$(SRCROOT)/Core",
					"$(SRCROOT)/Application",
				);
				IPHONEOS_DEPLOYMENT_TARGET = 6.0;
				MACOSX_DEPLOYMENT_TARGET = 10.8;
				ONLY_ACTIVE_ARCH = YES;
				SDKROOT = iphoneos;
				TARGETED_DEVICE_FAMILY = "1,2";
				VALIDATE_PRODUCT = YES;
			};
			name = Release;
		};
		8C36002017F4C6E4004860B5 /* Debug */ = {
			isa = XCBuildConfiguration;
			buildSettings = {
				ALWAYS_SEARCH_USER_PATHS = YES;
				ASSETCATALOG_COMPILER_APPICON_NAME = AppIcon;
				ASSETCATALOG_COMPILER_LAUNCHIMAGE_NAME = LaunchImage;
				GCC_PRECOMPILE_PREFIX_HEADER = YES;
				GCC_PREFIX_HEADER = "$(SRCROOT)/Application/BLENotifier/BLENotifier-Prefix.pch";
				"GCC_PREPROCESSOR_DEFINITIONS[arch=*]" = (
					"DEBUG=1",
					"$(inherited)",
					_DEBUG,
					_IOS,
				);
				HEADER_SEARCH_PATHS = (
					"$(inherited)",
					/Applications/Xcode.app/Contents/Developer/Toolchains/XcodeDefault.xctoolchain/usr/include,
					"$(SRCROOT)",
					"$(SRCROOT)/Application/BLENotifier",
					"$(SRCROOT)/Core/NotifierCore",
				);
				INFOPLIST_FILE = "$(SRCROOT)/Application/BLENotifier/BLENotifier-Info.plist";
				PRODUCT_NAME = "$(TARGET_NAME)";
				WRAPPER_EXTENSION = app;
			};
			name = Debug;
		};
		8C36002117F4C6E4004860B5 /* Release */ = {
			isa = XCBuildConfiguration;
			buildSettings = {
				ALWAYS_SEARCH_USER_PATHS = YES;
				ASSETCATALOG_COMPILER_APPICON_NAME = AppIcon;
				ASSETCATALOG_COMPILER_LAUNCHIMAGE_NAME = LaunchImage;
				GCC_PRECOMPILE_PREFIX_HEADER = YES;
				GCC_PREFIX_HEADER = "$(SRCROOT)/Application/BLENotifier/BLENotifier-Prefix.pch";
				"GCC_PREPROCESSOR_DEFINITIONS[arch=*]" = _IOS;
				HEADER_SEARCH_PATHS = (
					"$(inherited)",
					/Applications/Xcode.app/Contents/Developer/Toolchains/XcodeDefault.xctoolchain/usr/include,
					"$(SRCROOT)",
					"$(SRCROOT)/Application/BLENotifier",
					"$(SRCROOT)/Core/NotifierCore",
				);
				INFOPLIST_FILE = "$(SRCROOT)/Application/BLENotifier/BLENotifier-Info.plist";
				PRODUCT_NAME = "$(TARGET_NAME)";
				WRAPPER_EXTENSION = app;
			};
			name = Release;
		};
		8C36002317F4C6E4004860B5 /* Debug */ = {
			isa = XCBuildConfiguration;
			buildSettings = {
				ARCHS = "$(ARCHS_STANDARD_INCLUDING_64_BIT)";
				BUNDLE_LOADER = "$(BUILT_PRODUCTS_DIR)/BLENotifier.app/BLENotifier";
				FRAMEWORK_SEARCH_PATHS = (
					"$(SDKROOT)/Developer/Library/Frameworks",
					"$(inherited)",
					"$(DEVELOPER_FRAMEWORKS_DIR)",
				);
				GCC_PRECOMPILE_PREFIX_HEADER = YES;
				GCC_PREFIX_HEADER = "$(SRCROOT)/Application/BLENotifier/BLENotifier-Prefix.pch";
				"GCC_PREPROCESSOR_DEFINITIONS[arch=*]" = (
					"DEBUG=1",
					"$(inherited)",
					_DEBUG,
					_IOS,
				);
				HEADER_SEARCH_PATHS = (
					"$(inherited)",
					/Applications/Xcode.app/Contents/Developer/Toolchains/XcodeDefault.xctoolchain/usr/include,
					"$(SRCROOT)/Application/BLENotifier",
				);
				INFOPLIST_FILE = "$(SRCROOT)/BLENotifierTests/BLENotifierTests-Info.plist";
				PRODUCT_NAME = "$(TARGET_NAME)";
				TEST_HOST = "$(BUNDLE_LOADER)";
				WRAPPER_EXTENSION = xctest;
			};
			name = Debug;
		};
		8C36002417F4C6E4004860B5 /* Release */ = {
			isa = XCBuildConfiguration;
			buildSettings = {
				ARCHS = "$(ARCHS_STANDARD_INCLUDING_64_BIT)";
				BUNDLE_LOADER = "$(BUILT_PRODUCTS_DIR)/BLENotifier.app/BLENotifier";
				FRAMEWORK_SEARCH_PATHS = (
					"$(SDKROOT)/Developer/Library/Frameworks",
					"$(inherited)",
					"$(DEVELOPER_FRAMEWORKS_DIR)",
				);
				GCC_PRECOMPILE_PREFIX_HEADER = YES;
				GCC_PREFIX_HEADER = "$(SRCROOT)/Application/BLENotifier/BLENotifier-Prefix.pch";
				HEADER_SEARCH_PATHS = (
					"$(inherited)",
					/Applications/Xcode.app/Contents/Developer/Toolchains/XcodeDefault.xctoolchain/usr/include,
					"$(SRCROOT)/Application/BLENotifier",
				);
				INFOPLIST_FILE = "$(SRCROOT)/BLENotifierTests/BLENotifierTests-Info.plist";
				PRODUCT_NAME = "$(TARGET_NAME)";
				TEST_HOST = "$(BUNDLE_LOADER)";
				WRAPPER_EXTENSION = xctest;
			};
			name = Release;
		};
		8CAE848418227A91006CD8AC /* Debug */ = {
			isa = XCBuildConfiguration;
			buildSettings = {
				CLANG_ENABLE_OBJC_ARC = YES;
				DEBUG_INFORMATION_FORMAT = "dwarf-with-dsym";
				FRAMEWORK_SEARCH_PATHS = (
					"$(inherited)",
					"$(DEVELOPER_FRAMEWORKS_DIR)",
				);
				GCC_ENABLE_OBJC_EXCEPTIONS = YES;
				GCC_PRECOMPILE_PREFIX_HEADER = YES;
				GCC_PREFIX_HEADER = "$(SRCROOT)/Library/OSXLibrary/OSXLibrary-Prefix.pch";
				"GCC_PREPROCESSOR_DEFINITIONS[arch=*]" = (
					"DEBUG=1",
					"$(inherited)",
					_DEBUG,
					_OSX,
				);
				MACOSX_DEPLOYMENT_TARGET = 10.9;
				PRODUCT_NAME = "$(TARGET_NAME)";
				SDKROOT = macosx;
			};
			name = Debug;
		};
		8CAE848518227A91006CD8AC /* Release */ = {
			isa = XCBuildConfiguration;
			buildSettings = {
				CLANG_ENABLE_OBJC_ARC = YES;
				DEBUG_INFORMATION_FORMAT = "dwarf-with-dsym";
				FRAMEWORK_SEARCH_PATHS = (
					"$(inherited)",
					"$(DEVELOPER_FRAMEWORKS_DIR)",
				);
				GCC_ENABLE_OBJC_EXCEPTIONS = YES;
				GCC_PRECOMPILE_PREFIX_HEADER = YES;
				GCC_PREFIX_HEADER = "$(SRCROOT)/Library/OSXLibrary/OSXLibrary-Prefix.pch";
				"GCC_PREPROCESSOR_DEFINITIONS[arch=*]" = _OSX;
				MACOSX_DEPLOYMENT_TARGET = 10.9;
				PRODUCT_NAME = "$(TARGET_NAME)";
				SDKROOT = macosx;
			};
			name = Release;
		};
		8CAE848718227A91006CD8AC /* Debug */ = {
			isa = XCBuildConfiguration;
			buildSettings = {
				BUNDLE_LOADER = "$(BUILT_PRODUCTS_DIR)/BLENotifier.app/BLENotifier";
				CLANG_ENABLE_OBJC_ARC = YES;
				COMBINE_HIDPI_IMAGES = YES;
				FRAMEWORK_SEARCH_PATHS = (
					"$(DEVELOPER_FRAMEWORKS_DIR)",
					"$(inherited)",
				);
				GCC_ENABLE_OBJC_EXCEPTIONS = YES;
				GCC_PRECOMPILE_PREFIX_HEADER = YES;
				GCC_PREFIX_HEADER = "$(SRCROOT)/Library/OSXLibrary/OSXLibrary-Prefix.pch";
				"GCC_PREPROCESSOR_DEFINITIONS[arch=*]" = (
					"DEBUG=1",
					"$(inherited)",
					_DEBUG,
					_OSX,
				);
				INFOPLIST_FILE = "OSXLibraryTests/OSXLibraryTests-Info.plist";
				MACOSX_DEPLOYMENT_TARGET = 10.8;
				PRODUCT_NAME = "$(TARGET_NAME)";
				SDKROOT = macosx;
				TEST_HOST = "$(BUNDLE_LOADER)";
				WRAPPER_EXTENSION = xctest;
			};
			name = Debug;
		};
		8CAE848818227A91006CD8AC /* Release */ = {
			isa = XCBuildConfiguration;
			buildSettings = {
				BUNDLE_LOADER = "$(BUILT_PRODUCTS_DIR)/BLENotifier.app/BLENotifier";
				CLANG_ENABLE_OBJC_ARC = YES;
				COMBINE_HIDPI_IMAGES = YES;
				DEBUG_INFORMATION_FORMAT = "dwarf-with-dsym";
				FRAMEWORK_SEARCH_PATHS = (
					"$(DEVELOPER_FRAMEWORKS_DIR)",
					"$(inherited)",
				);
				GCC_ENABLE_OBJC_EXCEPTIONS = YES;
				GCC_PRECOMPILE_PREFIX_HEADER = YES;
				GCC_PREFIX_HEADER = "$(SRCROOT)/Library/OSXLibrary/OSXLibrary-Prefix.pch";
				"GCC_PREPROCESSOR_DEFINITIONS[arch=*]" = _OSX;
				INFOPLIST_FILE = "OSXLibraryTests/OSXLibraryTests-Info.plist";
				MACOSX_DEPLOYMENT_TARGET = 10.8;
				PRODUCT_NAME = "$(TARGET_NAME)";
				SDKROOT = macosx;
				TEST_HOST = "$(BUNDLE_LOADER)";
				WRAPPER_EXTENSION = xctest;
			};
			name = Release;
		};
		8CAE84AA18227AAC006CD8AC /* Debug */ = {
			isa = XCBuildConfiguration;
			buildSettings = {
				ARCHS = "$(ARCHS_STANDARD_INCLUDING_64_BIT)";
				CLANG_ENABLE_OBJC_ARC = YES;
				DSTROOT = /tmp/IOSLibrary.dst;
				GCC_PRECOMPILE_PREFIX_HEADER = YES;
				GCC_PREFIX_HEADER = "$(SRCROOT)/Library/IOSLibrary/IOSLibrary-Prefix.pch";
				"GCC_PREPROCESSOR_DEFINITIONS[arch=*]" = (
					"DEBUG=1",
					"$(inherited)",
					_DEBUG,
					_IOS,
				);
				IPHONEOS_DEPLOYMENT_TARGET = 7.0;
				OTHER_LDFLAGS = "-ObjC";
				PRODUCT_NAME = "$(TARGET_NAME)";
				SKIP_INSTALL = YES;
			};
			name = Debug;
		};
		8CAE84AB18227AAC006CD8AC /* Release */ = {
			isa = XCBuildConfiguration;
			buildSettings = {
				ARCHS = "$(ARCHS_STANDARD_INCLUDING_64_BIT)";
				CLANG_ENABLE_OBJC_ARC = YES;
				DSTROOT = /tmp/IOSLibrary.dst;
				GCC_PRECOMPILE_PREFIX_HEADER = YES;
				GCC_PREFIX_HEADER = "$(SRCROOT)/Library/IOSLibrary/IOSLibrary-Prefix.pch";
				"GCC_PREPROCESSOR_DEFINITIONS[arch=*]" = _IOS;
				IPHONEOS_DEPLOYMENT_TARGET = 7.0;
				OTHER_LDFLAGS = "-ObjC";
				PRODUCT_NAME = "$(TARGET_NAME)";
				SKIP_INSTALL = YES;
			};
			name = Release;
		};
		8CAE84AD18227AAC006CD8AC /* Debug */ = {
			isa = XCBuildConfiguration;
			buildSettings = {
				ARCHS = "$(ARCHS_STANDARD_INCLUDING_64_BIT)";
				BUNDLE_LOADER = "$(BUILT_PRODUCTS_DIR)/BLENotifier.app/BLENotifier";
				CLANG_ENABLE_OBJC_ARC = YES;
				FRAMEWORK_SEARCH_PATHS = (
					"$(SDKROOT)/Developer/Library/Frameworks",
					"$(inherited)",
					"$(DEVELOPER_FRAMEWORKS_DIR)",
				);
				GCC_PRECOMPILE_PREFIX_HEADER = YES;
				GCC_PREFIX_HEADER = "$(SRCROOT)/Library/IOSLibrary/IOSLibrary-Prefix.pch";
				"GCC_PREPROCESSOR_DEFINITIONS[arch=*]" = (
					"DEBUG=1",
					"$(inherited)",
					_DEBUG,
					_IOS,
				);
				INFOPLIST_FILE = "IOSLibraryTests/IOSLibraryTests-Info.plist";
				IPHONEOS_DEPLOYMENT_TARGET = 6.0;
				PRODUCT_NAME = "$(TARGET_NAME)";
				TEST_HOST = "$(BUNDLE_LOADER)";
				WRAPPER_EXTENSION = xctest;
			};
			name = Debug;
		};
		8CAE84AE18227AAC006CD8AC /* Release */ = {
			isa = XCBuildConfiguration;
			buildSettings = {
				ARCHS = "$(ARCHS_STANDARD_INCLUDING_64_BIT)";
				BUNDLE_LOADER = "$(BUILT_PRODUCTS_DIR)/BLENotifier.app/BLENotifier";
				CLANG_ENABLE_OBJC_ARC = YES;
				FRAMEWORK_SEARCH_PATHS = (
					"$(SDKROOT)/Developer/Library/Frameworks",
					"$(inherited)",
					"$(DEVELOPER_FRAMEWORKS_DIR)",
				);
				GCC_PRECOMPILE_PREFIX_HEADER = YES;
				GCC_PREFIX_HEADER = "$(SRCROOT)/Library/IOSLibrary/IOSLibrary-Prefix.pch";
				"GCC_PREPROCESSOR_DEFINITIONS[arch=*]" = _IOS;
				INFOPLIST_FILE = "IOSLibraryTests/IOSLibraryTests-Info.plist";
				IPHONEOS_DEPLOYMENT_TARGET = 6.0;
				PRODUCT_NAME = "$(TARGET_NAME)";
				TEST_HOST = "$(BUNDLE_LOADER)";
				WRAPPER_EXTENSION = xctest;
			};
			name = Release;
		};
		8CB1AF39181AB3B2008E0D53 /* Debug */ = {
			isa = XCBuildConfiguration;
			buildSettings = {
				ALWAYS_SEARCH_USER_PATHS = YES;
				ARCHS = "$(ARCHS_STANDARD_INCLUDING_64_BIT)";
				CLANG_ENABLE_OBJC_ARC = NO;
				DSTROOT = /tmp/NotifierCore.dst;
				GCC_PRECOMPILE_PREFIX_HEADER = YES;
				GCC_PREFIX_HEADER = "$(SRCROOT)/Core/NotifierCore/IOS-NotifierCore-Prefix.pch";
				"GCC_PREPROCESSOR_DEFINITIONS[arch=*]" = (
					"DEBUG=1",
					"$(inherited)",
					_DEBUG,
					_IOS,
				);
				HEADER_SEARCH_PATHS = (
					"$(inherited)",
					/Applications/Xcode.app/Contents/Developer/Toolchains/XcodeDefault.xctoolchain/usr/include,
					"$(SRCROOT)",
					"$(SRCROOT)/Application/BLENotifier",
					"$(SRCROOT)/Core/NotifierCore",
					"$(SRCROOT)/Core/NotifierCore/Classes",
					"$(SRCROOT)/Core/NotifierCore/Classes/IOS",
				);
				OTHER_LDFLAGS = "-ObjC";
				PRODUCT_NAME = "$(TARGET_NAME)";
				SDKROOT = iphoneos;
				SKIP_INSTALL = YES;
				SUPPORTED_PLATFORMS = "iphonesimulator iphoneos";
			};
			name = Debug;
		};
		8CB1AF3A181AB3B2008E0D53 /* Release */ = {
			isa = XCBuildConfiguration;
			buildSettings = {
				ALWAYS_SEARCH_USER_PATHS = YES;
				ARCHS = "$(ARCHS_STANDARD_INCLUDING_64_BIT)";
				CLANG_ENABLE_OBJC_ARC = NO;
				DSTROOT = /tmp/NotifierCore.dst;
				GCC_PRECOMPILE_PREFIX_HEADER = YES;
				GCC_PREFIX_HEADER = "$(SRCROOT)/Core/NotifierCore/IOS-NotifierCore-Prefix.pch";
				"GCC_PREPROCESSOR_DEFINITIONS[arch=*]" = " _IOS";
				HEADER_SEARCH_PATHS = (
					"$(inherited)",
					/Applications/Xcode.app/Contents/Developer/Toolchains/XcodeDefault.xctoolchain/usr/include,
					"$(SRCROOT)",
					"$(SRCROOT)/Application/BLENotifier",
					"$(SRCROOT)/Core/NotifierCore",
					"$(SRCROOT)/Core/NotifierCore/Classes",
					"$(SRCROOT)/Core/NotifierCore/Classes/IOS",
				);
				OTHER_LDFLAGS = "-ObjC";
				PRODUCT_NAME = "$(TARGET_NAME)";
				SDKROOT = iphoneos;
				SKIP_INSTALL = YES;
				SUPPORTED_PLATFORMS = "iphonesimulator iphoneos";
			};
			name = Release;
		};
		8CB1AF3C181AB3B2008E0D53 /* Debug */ = {
			isa = XCBuildConfiguration;
			buildSettings = {
				ARCHS = "$(ARCHS_STANDARD_INCLUDING_64_BIT)";
				BUNDLE_LOADER = "$(BUILT_PRODUCTS_DIR)/BLENotifier.app/BLENotifier";
				CLANG_ENABLE_OBJC_ARC = YES;
				FRAMEWORK_SEARCH_PATHS = (
					"$(SDKROOT)/Developer/Library/Frameworks",
					"$(inherited)",
					"$(DEVELOPER_FRAMEWORKS_DIR)",
				);
				GCC_PRECOMPILE_PREFIX_HEADER = YES;
				GCC_PREFIX_HEADER = "$(SRCROOT)/Core/NotifierCore/NotifierCore-Prefix.pch";
				"GCC_PREPROCESSOR_DEFINITIONS[arch=*]" = (
					"DEBUG=1",
					"$(inherited)",
					_DEBUG,
					_IOS,
				);
				INFOPLIST_FILE = "NotifierCoreTests/NotifierCoreTests-Info.plist";
				PRODUCT_NAME = "$(TARGET_NAME)";
				TEST_HOST = "$(BUNDLE_LOADER)";
				WRAPPER_EXTENSION = xctest;
			};
			name = Debug;
		};
		8CB1AF3D181AB3B2008E0D53 /* Release */ = {
			isa = XCBuildConfiguration;
			buildSettings = {
				ARCHS = "$(ARCHS_STANDARD_INCLUDING_64_BIT)";
				BUNDLE_LOADER = "$(BUILT_PRODUCTS_DIR)/BLENotifier.app/BLENotifier";
				CLANG_ENABLE_OBJC_ARC = YES;
				FRAMEWORK_SEARCH_PATHS = (
					"$(SDKROOT)/Developer/Library/Frameworks",
					"$(inherited)",
					"$(DEVELOPER_FRAMEWORKS_DIR)",
				);
				GCC_PRECOMPILE_PREFIX_HEADER = YES;
				GCC_PREFIX_HEADER = "$(SRCROOT)/Core/NotifierCore/NotifierCore-Prefix.pch";
				"GCC_PREPROCESSOR_DEFINITIONS[arch=*]" = _IOS;
				INFOPLIST_FILE = "NotifierCoreTests/NotifierCoreTests-Info.plist";
				PRODUCT_NAME = "$(TARGET_NAME)";
				TEST_HOST = "$(BUNDLE_LOADER)";
				WRAPPER_EXTENSION = xctest;
			};
			name = Release;
		};
		8CF29A0E1821B29800428BA5 /* Debug */ = {
			isa = XCBuildConfiguration;
			buildSettings = {
				ARCHS = "$(ARCHS_STANDARD_64_BIT)";
				ASSETCATALOG_COMPILER_APPICON_NAME = AppIcon;
				CLANG_ENABLE_OBJC_ARC = YES;
				COMBINE_HIDPI_IMAGES = YES;
				FRAMEWORK_SEARCH_PATHS = (
					"$(inherited)",
					"$(DEVELOPER_FRAMEWORKS_DIR)",
				);
				GCC_ENABLE_OBJC_EXCEPTIONS = YES;
				GCC_PRECOMPILE_PREFIX_HEADER = YES;
				GCC_PREFIX_HEADER = "$(SRCROOT)/Application/OSX BLENotifier/OSX BLENotifier-Prefix.pch";
				"GCC_PREPROCESSOR_DEFINITIONS[arch=*]" = (
					"DEBUG=1",
					"$(inherited)",
					_DEBUG,
					_OSX,
				);
				HEADER_SEARCH_PATHS = (
					"$(inherited)",
					/Applications/Xcode.app/Contents/Developer/Toolchains/XcodeDefault.xctoolchain/usr/include,
					"$(SRCROOT)",
					"$(SRCROOT)/Application/OSX\\ BLENotifier",
					"$(SRCROOT)/Core/NotifierCore",
				);
				INFOPLIST_FILE = "$(SRCROOT)/Application/OSX BLENotifier/OSX BLENotifier-Info.plist";
				MACOSX_DEPLOYMENT_TARGET = 10.9;
				PRODUCT_NAME = "$(TARGET_NAME)";
				SDKROOT = macosx;
				SUPPORTED_PLATFORMS = macosx;
				WRAPPER_EXTENSION = app;
			};
			name = Debug;
		};
		8CF29A0F1821B29800428BA5 /* Release */ = {
			isa = XCBuildConfiguration;
			buildSettings = {
				ARCHS = "$(ARCHS_STANDARD_64_BIT)";
				ASSETCATALOG_COMPILER_APPICON_NAME = AppIcon;
				CLANG_ENABLE_OBJC_ARC = YES;
				COMBINE_HIDPI_IMAGES = YES;
				DEBUG_INFORMATION_FORMAT = "dwarf-with-dsym";
				FRAMEWORK_SEARCH_PATHS = (
					"$(inherited)",
					"$(DEVELOPER_FRAMEWORKS_DIR)",
				);
				GCC_ENABLE_OBJC_EXCEPTIONS = YES;
				GCC_PRECOMPILE_PREFIX_HEADER = YES;
				GCC_PREFIX_HEADER = "$(SRCROOT)/Application/OSX BLENotifier/OSX BLENotifier-Prefix.pch";
				"GCC_PREPROCESSOR_DEFINITIONS[arch=*]" = " _OSX";
				HEADER_SEARCH_PATHS = (
					"$(inherited)",
					/Applications/Xcode.app/Contents/Developer/Toolchains/XcodeDefault.xctoolchain/usr/include,
					"$(SRCROOT)",
					"$(SRCROOT)/Application/OSX\\ BLENotifier",
					"$(SRCROOT)/Core/NotifierCore",
				);
				INFOPLIST_FILE = "$(SRCROOT)/Application/OSX BLENotifier/OSX BLENotifier-Info.plist";
				MACOSX_DEPLOYMENT_TARGET = 10.9;
				PRODUCT_NAME = "$(TARGET_NAME)";
				SDKROOT = macosx;
				WRAPPER_EXTENSION = app;
			};
			name = Release;
		};
		8CF29A101821B29800428BA5 /* Debug */ = {
			isa = XCBuildConfiguration;
			buildSettings = {
				BUNDLE_LOADER = "$(BUILT_PRODUCTS_DIR)/BLENotifier.app/BLENotifier";
				CLANG_ENABLE_OBJC_ARC = YES;
				COMBINE_HIDPI_IMAGES = YES;
				FRAMEWORK_SEARCH_PATHS = (
					"$(DEVELOPER_FRAMEWORKS_DIR)",
					"$(inherited)",
				);
				GCC_ENABLE_OBJC_EXCEPTIONS = YES;
				GCC_PRECOMPILE_PREFIX_HEADER = YES;
				GCC_PREFIX_HEADER = "$(SRCROOT)/Application/OSX BLENotifier/OSX BLENotifier-Prefix.pch";
				"GCC_PREPROCESSOR_DEFINITIONS[arch=*]" = (
					"DEBUG=1",
					"$(inherited)",
					_DEBUG,
					_OSX,
				);
				INFOPLIST_FILE = "$(SRCROOT)/OSX BLENotifierTests/OSX BLENotifierTests-Info.plist";
				MACOSX_DEPLOYMENT_TARGET = 10.9;
				PRODUCT_NAME = "$(TARGET_NAME)";
				SDKROOT = macosx;
				TEST_HOST = "$(BUNDLE_LOADER)";
				WRAPPER_EXTENSION = xctest;
			};
			name = Debug;
		};
		8CF29A111821B29800428BA5 /* Release */ = {
			isa = XCBuildConfiguration;
			buildSettings = {
				BUNDLE_LOADER = "$(BUILT_PRODUCTS_DIR)/BLENotifier.app/BLENotifier";
				CLANG_ENABLE_OBJC_ARC = YES;
				COMBINE_HIDPI_IMAGES = YES;
				DEBUG_INFORMATION_FORMAT = "dwarf-with-dsym";
				FRAMEWORK_SEARCH_PATHS = (
					"$(DEVELOPER_FRAMEWORKS_DIR)",
					"$(inherited)",
				);
				GCC_ENABLE_OBJC_EXCEPTIONS = YES;
				GCC_PRECOMPILE_PREFIX_HEADER = YES;
				GCC_PREFIX_HEADER = "$(SRCROOT)/Application/OSX BLENotifier/OSX BLENotifier-Prefix.pch";
				"GCC_PREPROCESSOR_DEFINITIONS[arch=*]" = _OSX;
				INFOPLIST_FILE = "$(SRCROOT)/OSX BLENotifierTests/OSX BLENotifierTests-Info.plist";
				MACOSX_DEPLOYMENT_TARGET = 10.9;
				PRODUCT_NAME = "$(TARGET_NAME)";
				SDKROOT = macosx;
				TEST_HOST = "$(BUNDLE_LOADER)";
				WRAPPER_EXTENSION = xctest;
			};
			name = Release;
		};
		8CF29A2E1821B53C00428BA5 /* Debug */ = {
			isa = XCBuildConfiguration;
			buildSettings = {
				ALWAYS_SEARCH_USER_PATHS = YES;
				ARCHS = "$(ARCHS_STANDARD_INCLUDING_64_BIT)";
				CLANG_ENABLE_OBJC_ARC = NO;
				DSTROOT = /tmp/NotifierCore.dst;
				GCC_PRECOMPILE_PREFIX_HEADER = YES;
				GCC_PREFIX_HEADER = "$(SRCROOT)/Core/NotifierCore/OSX-NotifierCore-Prefix.pch";
				"GCC_PREPROCESSOR_DEFINITIONS[arch=*]" = (
					"DEBUG=1",
					"$(inherited)",
					_DEBUG,
					_OSX,
				);
				HEADER_SEARCH_PATHS = (
					"$(inherited)",
					/Applications/Xcode.app/Contents/Developer/Toolchains/XcodeDefault.xctoolchain/usr/include,
					"$(SRCROOT)",
					"$(SRCROOT)/Application/OSX\\ BLENotifier",
					"$(SRCROOT)/Core/NotifierCore",
					"$(SRCROOT)/Core/NotifierCore/Classes",
					"$(SRCROOT)/Core/NotifierCore/Classes/OSX",
				);
				MACOSX_DEPLOYMENT_TARGET = 10.9;
				OTHER_LDFLAGS = "-ObjC";
				PRODUCT_NAME = "OSX NotifierCore";
				SDKROOT = macosx;
				SKIP_INSTALL = YES;
				SUPPORTED_PLATFORMS = macosx;
			};
			name = Debug;
		};
		8CF29A2F1821B53C00428BA5 /* Release */ = {
			isa = XCBuildConfiguration;
			buildSettings = {
				ALWAYS_SEARCH_USER_PATHS = YES;
				ARCHS = "$(ARCHS_STANDARD_INCLUDING_64_BIT)";
				CLANG_ENABLE_OBJC_ARC = NO;
				DSTROOT = /tmp/NotifierCore.dst;
				GCC_PRECOMPILE_PREFIX_HEADER = YES;
				GCC_PREFIX_HEADER = "$(SRCROOT)/Core/NotifierCore/OSX-NotifierCore-Prefix.pch";
				"GCC_PREPROCESSOR_DEFINITIONS[arch=*]" = " _OSX";
				HEADER_SEARCH_PATHS = (
					"$(inherited)",
					/Applications/Xcode.app/Contents/Developer/Toolchains/XcodeDefault.xctoolchain/usr/include,
					"$(SRCROOT)",
					"$(SRCROOT)/Application/OSX\\ BLENotifier",
					"$(SRCROOT)/Core/NotifierCore",
					"$(SRCROOT)/Core/NotifierCore/Classes",
					"$(SRCROOT)/Core/NotifierCore/Classes/OSX",
				);
				MACOSX_DEPLOYMENT_TARGET = 10.9;
				OTHER_LDFLAGS = "-ObjC";
				PRODUCT_NAME = "OSX NotifierCore";
				SDKROOT = macosx;
				SKIP_INSTALL = YES;
				SUPPORTED_PLATFORMS = macosx;
			};
			name = Release;
		};
/* End XCBuildConfiguration section */

/* Begin XCConfigurationList section */
		8C36001F17F4C6E4004860B5 /* Build configuration list for PBXNativeTarget "BLENotifier" */ = {
			isa = XCConfigurationList;
			buildConfigurations = (
				8C36002017F4C6E4004860B5 /* Debug */,
				8C36002117F4C6E4004860B5 /* Release */,
			);
			defaultConfigurationIsVisible = 0;
			defaultConfigurationName = Release;
		};
		8C36002217F4C6E4004860B5 /* Build configuration list for PBXNativeTarget "BLENotifierTests" */ = {
			isa = XCConfigurationList;
			buildConfigurations = (
				8C36002317F4C6E4004860B5 /* Debug */,
				8C36002417F4C6E4004860B5 /* Release */,
			);
			defaultConfigurationIsVisible = 0;
			defaultConfigurationName = Release;
		};
		8C36FFE517F4C6E4004860B5 /* Build configuration list for PBXProject "BLENotifier" */ = {
			isa = XCConfigurationList;
			buildConfigurations = (
				8C36001D17F4C6E4004860B5 /* Debug */,
				8C36001E17F4C6E4004860B5 /* Release */,
			);
			defaultConfigurationIsVisible = 0;
			defaultConfigurationName = Release;
		};
		8CAE848318227A91006CD8AC /* Build configuration list for PBXNativeTarget "OSXLibrary" */ = {
			isa = XCConfigurationList;
			buildConfigurations = (
				8CAE848418227A91006CD8AC /* Debug */,
				8CAE848518227A91006CD8AC /* Release */,
			);
			defaultConfigurationIsVisible = 0;
			defaultConfigurationName = Release;
		};
		8CAE848618227A91006CD8AC /* Build configuration list for PBXNativeTarget "OSXLibraryTests" */ = {
			isa = XCConfigurationList;
			buildConfigurations = (
				8CAE848718227A91006CD8AC /* Debug */,
				8CAE848818227A91006CD8AC /* Release */,
			);
			defaultConfigurationIsVisible = 0;
			defaultConfigurationName = Release;
		};
		8CAE84A918227AAC006CD8AC /* Build configuration list for PBXNativeTarget "IOSLibrary" */ = {
			isa = XCConfigurationList;
			buildConfigurations = (
				8CAE84AA18227AAC006CD8AC /* Debug */,
				8CAE84AB18227AAC006CD8AC /* Release */,
			);
			defaultConfigurationIsVisible = 0;
			defaultConfigurationName = Release;
		};
		8CAE84AC18227AAC006CD8AC /* Build configuration list for PBXNativeTarget "IOSLibraryTests" */ = {
			isa = XCConfigurationList;
			buildConfigurations = (
				8CAE84AD18227AAC006CD8AC /* Debug */,
				8CAE84AE18227AAC006CD8AC /* Release */,
			);
			defaultConfigurationIsVisible = 0;
			defaultConfigurationName = Release;
		};
		8CB1AF38181AB3B2008E0D53 /* Build configuration list for PBXNativeTarget "NotifierCore" */ = {
			isa = XCConfigurationList;
			buildConfigurations = (
				8CB1AF39181AB3B2008E0D53 /* Debug */,
				8CB1AF3A181AB3B2008E0D53 /* Release */,
			);
			defaultConfigurationIsVisible = 0;
			defaultConfigurationName = Release;
		};
		8CB1AF3B181AB3B2008E0D53 /* Build configuration list for PBXNativeTarget "NotifierCoreTests" */ = {
			isa = XCConfigurationList;
			buildConfigurations = (
				8CB1AF3C181AB3B2008E0D53 /* Debug */,
				8CB1AF3D181AB3B2008E0D53 /* Release */,
			);
			defaultConfigurationIsVisible = 0;
			defaultConfigurationName = Release;
		};
		8CF29A151821B29800428BA5 /* Build configuration list for PBXNativeTarget "OSX BLENotifier" */ = {
			isa = XCConfigurationList;
			buildConfigurations = (
				8CF29A0E1821B29800428BA5 /* Debug */,
				8CF29A0F1821B29800428BA5 /* Release */,
			);
			defaultConfigurationIsVisible = 0;
			defaultConfigurationName = Release;
		};
		8CF29A161821B29800428BA5 /* Build configuration list for PBXNativeTarget "OSX BLENotifierTests" */ = {
			isa = XCConfigurationList;
			buildConfigurations = (
				8CF29A101821B29800428BA5 /* Debug */,
				8CF29A111821B29800428BA5 /* Release */,
			);
			defaultConfigurationIsVisible = 0;
			defaultConfigurationName = Release;
		};
		8CF29A2D1821B53C00428BA5 /* Build configuration list for PBXNativeTarget "OSX NotifierCore" */ = {
			isa = XCConfigurationList;
			buildConfigurations = (
				8CF29A2E1821B53C00428BA5 /* Debug */,
				8CF29A2F1821B53C00428BA5 /* Release */,
			);
			defaultConfigurationIsVisible = 0;
			defaultConfigurationName = Release;
		};
/* End XCConfigurationList section */

/* Begin XCVersionGroup section */
		8CAE84E018227B8C006CD8AC /* OSX_BLENotifier.xcdatamodeld */ = {
			isa = XCVersionGroup;
			children = (
				8CAE84E118227B8C006CD8AC /* OSX_BLENotifier.xcdatamodel */,
			);
			currentVersion = 8CAE84E118227B8C006CD8AC /* OSX_BLENotifier.xcdatamodel */;
			path = OSX_BLENotifier.xcdatamodeld;
			sourceTree = "<group>";
			versionGroupType = wrapper.xcdatamodel;
		};
/* End XCVersionGroup section */
	};
	rootObject = 8C36FFE217F4C6E4004860B5 /* Project object */;
}
